// !$*UTF8*$!
{
	archiveVersion = 1;
	classes = {
	};
	objectVersion = 56;
	objects = {

/* Begin PBXBuildFile section */
		040F9C5E9DA96DFE52F7E5D5 /* Pods_MovieDBAppTests.framework in Frameworks */ = {isa = PBXBuildFile; fileRef = 2D11A1D64D0590C03AFE7B0F /* Pods_MovieDBAppTests.framework */; };
		4049941460B2D7FEAEFC89BE /* Pods_MovieDBApp_MovieDBAppUITests.framework in Frameworks */ = {isa = PBXBuildFile; fileRef = 9D14DF5F21084E8E4E327579 /* Pods_MovieDBApp_MovieDBAppUITests.framework */; };
		7751F77A2A06FA7200D32829 /* AppDelegate.swift in Sources */ = {isa = PBXBuildFile; fileRef = 7751F7792A06FA7200D32829 /* AppDelegate.swift */; };
		7751F77C2A06FA7200D32829 /* SceneDelegate.swift in Sources */ = {isa = PBXBuildFile; fileRef = 7751F77B2A06FA7200D32829 /* SceneDelegate.swift */; };
		7751F77E2A06FA7200D32829 /* ViewController.swift in Sources */ = {isa = PBXBuildFile; fileRef = 7751F77D2A06FA7200D32829 /* ViewController.swift */; };
		7751F7812A06FA7200D32829 /* Main.storyboard in Resources */ = {isa = PBXBuildFile; fileRef = 7751F77F2A06FA7200D32829 /* Main.storyboard */; };
		7751F7832A06FA7300D32829 /* Assets.xcassets in Resources */ = {isa = PBXBuildFile; fileRef = 7751F7822A06FA7300D32829 /* Assets.xcassets */; };
		7751F7862A06FA7300D32829 /* LaunchScreen.storyboard in Resources */ = {isa = PBXBuildFile; fileRef = 7751F7842A06FA7300D32829 /* LaunchScreen.storyboard */; };
		7751F7912A06FA7300D32829 /* MovieDBAppTests.swift in Sources */ = {isa = PBXBuildFile; fileRef = 7751F7902A06FA7300D32829 /* MovieDBAppTests.swift */; };
		7751F79B2A06FA7300D32829 /* MovieDBAppUITests.swift in Sources */ = {isa = PBXBuildFile; fileRef = 7751F79A2A06FA7300D32829 /* MovieDBAppUITests.swift */; };
		7751F79D2A06FA7300D32829 /* MovieDBAppUITestsLaunchTests.swift in Sources */ = {isa = PBXBuildFile; fileRef = 7751F79C2A06FA7300D32829 /* MovieDBAppUITestsLaunchTests.swift */; };
		841DFEBF43F29668D2E90120 /* Pods_MovieDBApp.framework in Frameworks */ = {isa = PBXBuildFile; fileRef = 1C8FAAA20E45193BB5634B7B /* Pods_MovieDBApp.framework */; };
/* End PBXBuildFile section */

/* Begin PBXContainerItemProxy section */
		7751F78D2A06FA7300D32829 /* PBXContainerItemProxy */ = {
			isa = PBXContainerItemProxy;
			containerPortal = 7751F76E2A06FA7200D32829 /* Project object */;
			proxyType = 1;
			remoteGlobalIDString = 7751F7752A06FA7200D32829;
			remoteInfo = MovieDBApp;
		};
		7751F7972A06FA7300D32829 /* PBXContainerItemProxy */ = {
			isa = PBXContainerItemProxy;
			containerPortal = 7751F76E2A06FA7200D32829 /* Project object */;
			proxyType = 1;
			remoteGlobalIDString = 7751F7752A06FA7200D32829;
			remoteInfo = MovieDBApp;
		};
/* End PBXContainerItemProxy section */

/* Begin PBXFileReference section */
		0D19F30C9BC3F00D4C36F3DD /* Pods-MovieDBAppTests.debug.xcconfig */ = {isa = PBXFileReference; includeInIndex = 1; lastKnownFileType = text.xcconfig; name = "Pods-MovieDBAppTests.debug.xcconfig"; path = "Target Support Files/Pods-MovieDBAppTests/Pods-MovieDBAppTests.debug.xcconfig"; sourceTree = "<group>"; };
		0D50108040CCCB41F2280A10 /* Pods-MovieDBAppTests.release.xcconfig */ = {isa = PBXFileReference; includeInIndex = 1; lastKnownFileType = text.xcconfig; name = "Pods-MovieDBAppTests.release.xcconfig"; path = "Target Support Files/Pods-MovieDBAppTests/Pods-MovieDBAppTests.release.xcconfig"; sourceTree = "<group>"; };
		1C8FAAA20E45193BB5634B7B /* Pods_MovieDBApp.framework */ = {isa = PBXFileReference; explicitFileType = wrapper.framework; includeInIndex = 0; path = Pods_MovieDBApp.framework; sourceTree = BUILT_PRODUCTS_DIR; };
		2D11A1D64D0590C03AFE7B0F /* Pods_MovieDBAppTests.framework */ = {isa = PBXFileReference; explicitFileType = wrapper.framework; includeInIndex = 0; path = Pods_MovieDBAppTests.framework; sourceTree = BUILT_PRODUCTS_DIR; };
		65C0696FAA2F9EC025936199 /* Pods-MovieDBApp-MovieDBAppUITests.release.xcconfig */ = {isa = PBXFileReference; includeInIndex = 1; lastKnownFileType = text.xcconfig; name = "Pods-MovieDBApp-MovieDBAppUITests.release.xcconfig"; path = "Target Support Files/Pods-MovieDBApp-MovieDBAppUITests/Pods-MovieDBApp-MovieDBAppUITests.release.xcconfig"; sourceTree = "<group>"; };
		6AC4A0E2D1011574C21A4BE7 /* Pods-MovieDBApp.release.xcconfig */ = {isa = PBXFileReference; includeInIndex = 1; lastKnownFileType = text.xcconfig; name = "Pods-MovieDBApp.release.xcconfig"; path = "Target Support Files/Pods-MovieDBApp/Pods-MovieDBApp.release.xcconfig"; sourceTree = "<group>"; };
		7751F7762A06FA7200D32829 /* MovieDBApp.app */ = {isa = PBXFileReference; explicitFileType = wrapper.application; includeInIndex = 0; path = MovieDBApp.app; sourceTree = BUILT_PRODUCTS_DIR; };
		7751F7792A06FA7200D32829 /* AppDelegate.swift */ = {isa = PBXFileReference; lastKnownFileType = sourcecode.swift; path = AppDelegate.swift; sourceTree = "<group>"; };
		7751F77B2A06FA7200D32829 /* SceneDelegate.swift */ = {isa = PBXFileReference; lastKnownFileType = sourcecode.swift; path = SceneDelegate.swift; sourceTree = "<group>"; };
		7751F77D2A06FA7200D32829 /* ViewController.swift */ = {isa = PBXFileReference; lastKnownFileType = sourcecode.swift; path = ViewController.swift; sourceTree = "<group>"; };
		7751F7802A06FA7200D32829 /* Base */ = {isa = PBXFileReference; lastKnownFileType = file.storyboard; name = Base; path = Base.lproj/Main.storyboard; sourceTree = "<group>"; };
		7751F7822A06FA7300D32829 /* Assets.xcassets */ = {isa = PBXFileReference; lastKnownFileType = folder.assetcatalog; path = Assets.xcassets; sourceTree = "<group>"; };
		7751F7852A06FA7300D32829 /* Base */ = {isa = PBXFileReference; lastKnownFileType = file.storyboard; name = Base; path = Base.lproj/LaunchScreen.storyboard; sourceTree = "<group>"; };
		7751F7872A06FA7300D32829 /* Info.plist */ = {isa = PBXFileReference; lastKnownFileType = text.plist.xml; path = Info.plist; sourceTree = "<group>"; };
		7751F78C2A06FA7300D32829 /* MovieDBAppTests.xctest */ = {isa = PBXFileReference; explicitFileType = wrapper.cfbundle; includeInIndex = 0; path = MovieDBAppTests.xctest; sourceTree = BUILT_PRODUCTS_DIR; };
		7751F7902A06FA7300D32829 /* MovieDBAppTests.swift */ = {isa = PBXFileReference; lastKnownFileType = sourcecode.swift; path = MovieDBAppTests.swift; sourceTree = "<group>"; };
		7751F7962A06FA7300D32829 /* MovieDBAppUITests.xctest */ = {isa = PBXFileReference; explicitFileType = wrapper.cfbundle; includeInIndex = 0; path = MovieDBAppUITests.xctest; sourceTree = BUILT_PRODUCTS_DIR; };
		7751F79A2A06FA7300D32829 /* MovieDBAppUITests.swift */ = {isa = PBXFileReference; lastKnownFileType = sourcecode.swift; path = MovieDBAppUITests.swift; sourceTree = "<group>"; };
		7751F79C2A06FA7300D32829 /* MovieDBAppUITestsLaunchTests.swift */ = {isa = PBXFileReference; lastKnownFileType = sourcecode.swift; path = MovieDBAppUITestsLaunchTests.swift; sourceTree = "<group>"; };
		7E7EC6C86C450998D913A397 /* Pods-MovieDBApp-MovieDBAppUITests.debug.xcconfig */ = {isa = PBXFileReference; includeInIndex = 1; lastKnownFileType = text.xcconfig; name = "Pods-MovieDBApp-MovieDBAppUITests.debug.xcconfig"; path = "Target Support Files/Pods-MovieDBApp-MovieDBAppUITests/Pods-MovieDBApp-MovieDBAppUITests.debug.xcconfig"; sourceTree = "<group>"; };
		9D14DF5F21084E8E4E327579 /* Pods_MovieDBApp_MovieDBAppUITests.framework */ = {isa = PBXFileReference; explicitFileType = wrapper.framework; includeInIndex = 0; path = Pods_MovieDBApp_MovieDBAppUITests.framework; sourceTree = BUILT_PRODUCTS_DIR; };
		BD6B8FB4C47C0DA991F48F44 /* Pods-MovieDBApp.debug.xcconfig */ = {isa = PBXFileReference; includeInIndex = 1; lastKnownFileType = text.xcconfig; name = "Pods-MovieDBApp.debug.xcconfig"; path = "Target Support Files/Pods-MovieDBApp/Pods-MovieDBApp.debug.xcconfig"; sourceTree = "<group>"; };
/* End PBXFileReference section */

/* Begin PBXFrameworksBuildPhase section */
		7751F7732A06FA7200D32829 /* Frameworks */ = {
			isa = PBXFrameworksBuildPhase;
			buildActionMask = 2147483647;
			files = (
				841DFEBF43F29668D2E90120 /* Pods_MovieDBApp.framework in Frameworks */,
			);
			runOnlyForDeploymentPostprocessing = 0;
		};
		7751F7892A06FA7300D32829 /* Frameworks */ = {
			isa = PBXFrameworksBuildPhase;
			buildActionMask = 2147483647;
			files = (
				040F9C5E9DA96DFE52F7E5D5 /* Pods_MovieDBAppTests.framework in Frameworks */,
			);
			runOnlyForDeploymentPostprocessing = 0;
		};
		7751F7932A06FA7300D32829 /* Frameworks */ = {
			isa = PBXFrameworksBuildPhase;
			buildActionMask = 2147483647;
			files = (
				4049941460B2D7FEAEFC89BE /* Pods_MovieDBApp_MovieDBAppUITests.framework in Frameworks */,
			);
			runOnlyForDeploymentPostprocessing = 0;
		};
/* End PBXFrameworksBuildPhase section */

/* Begin PBXGroup section */
		0E4BF6BF9028A4F0AD1046B5 /* Pods */ = {
			isa = PBXGroup;
			children = (
				BD6B8FB4C47C0DA991F48F44 /* Pods-MovieDBApp.debug.xcconfig */,
				6AC4A0E2D1011574C21A4BE7 /* Pods-MovieDBApp.release.xcconfig */,
				7E7EC6C86C450998D913A397 /* Pods-MovieDBApp-MovieDBAppUITests.debug.xcconfig */,
				65C0696FAA2F9EC025936199 /* Pods-MovieDBApp-MovieDBAppUITests.release.xcconfig */,
				0D19F30C9BC3F00D4C36F3DD /* Pods-MovieDBAppTests.debug.xcconfig */,
				0D50108040CCCB41F2280A10 /* Pods-MovieDBAppTests.release.xcconfig */,
			);
			path = Pods;
			sourceTree = "<group>";
		};
		45ADF848C1BD7C6D65D9940F /* Frameworks */ = {
			isa = PBXGroup;
			children = (
				1C8FAAA20E45193BB5634B7B /* Pods_MovieDBApp.framework */,
				9D14DF5F21084E8E4E327579 /* Pods_MovieDBApp_MovieDBAppUITests.framework */,
				2D11A1D64D0590C03AFE7B0F /* Pods_MovieDBAppTests.framework */,
			);
			name = Frameworks;
			sourceTree = "<group>";
		};
		7751F76D2A06FA7200D32829 = {
			isa = PBXGroup;
			children = (
				7751F7782A06FA7200D32829 /* MovieDBApp */,
				7751F78F2A06FA7300D32829 /* MovieDBAppTests */,
				7751F7992A06FA7300D32829 /* MovieDBAppUITests */,
				7751F7772A06FA7200D32829 /* Products */,
				0E4BF6BF9028A4F0AD1046B5 /* Pods */,
				45ADF848C1BD7C6D65D9940F /* Frameworks */,
			);
			sourceTree = "<group>";
		};
		7751F7772A06FA7200D32829 /* Products */ = {
			isa = PBXGroup;
			children = (
				7751F7762A06FA7200D32829 /* MovieDBApp.app */,
				7751F78C2A06FA7300D32829 /* MovieDBAppTests.xctest */,
				7751F7962A06FA7300D32829 /* MovieDBAppUITests.xctest */,
			);
			name = Products;
			sourceTree = "<group>";
		};
		7751F7782A06FA7200D32829 /* MovieDBApp */ = {
			isa = PBXGroup;
			children = (
				7751F7792A06FA7200D32829 /* AppDelegate.swift */,
				7751F77B2A06FA7200D32829 /* SceneDelegate.swift */,
				7751F77D2A06FA7200D32829 /* ViewController.swift */,
				7751F77F2A06FA7200D32829 /* Main.storyboard */,
				7751F7822A06FA7300D32829 /* Assets.xcassets */,
				7751F7842A06FA7300D32829 /* LaunchScreen.storyboard */,
				7751F7872A06FA7300D32829 /* Info.plist */,
			);
			path = MovieDBApp;
			sourceTree = "<group>";
		};
		7751F78F2A06FA7300D32829 /* MovieDBAppTests */ = {
			isa = PBXGroup;
			children = (
				7751F7902A06FA7300D32829 /* MovieDBAppTests.swift */,
			);
			path = MovieDBAppTests;
			sourceTree = "<group>";
		};
		7751F7992A06FA7300D32829 /* MovieDBAppUITests */ = {
			isa = PBXGroup;
			children = (
				7751F79A2A06FA7300D32829 /* MovieDBAppUITests.swift */,
				7751F79C2A06FA7300D32829 /* MovieDBAppUITestsLaunchTests.swift */,
			);
			path = MovieDBAppUITests;
			sourceTree = "<group>";
		};
/* End PBXGroup section */

/* Begin PBXNativeTarget section */
		7751F7752A06FA7200D32829 /* MovieDBApp */ = {
			isa = PBXNativeTarget;
			buildConfigurationList = 7751F7A02A06FA7300D32829 /* Build configuration list for PBXNativeTarget "MovieDBApp" */;
			buildPhases = (
				54AE90D4F56E151A588DF956 /* [CP] Check Pods Manifest.lock */,
				7751F7722A06FA7200D32829 /* Sources */,
				7751F7732A06FA7200D32829 /* Frameworks */,
				7751F7742A06FA7200D32829 /* Resources */,
				7751C0372A070A6300692B04 /* ShellScript */,
			);
			buildRules = (
			);
			dependencies = (
			);
			name = MovieDBApp;
			productName = MovieDBApp;
			productReference = 7751F7762A06FA7200D32829 /* MovieDBApp.app */;
			productType = "com.apple.product-type.application";
		};
		7751F78B2A06FA7300D32829 /* MovieDBAppTests */ = {
			isa = PBXNativeTarget;
			buildConfigurationList = 7751F7A32A06FA7300D32829 /* Build configuration list for PBXNativeTarget "MovieDBAppTests" */;
			buildPhases = (
				05DFC73203B794A6429917A9 /* [CP] Check Pods Manifest.lock */,
				7751F7882A06FA7300D32829 /* Sources */,
				7751F7892A06FA7300D32829 /* Frameworks */,
				7751F78A2A06FA7300D32829 /* Resources */,
			);
			buildRules = (
			);
			dependencies = (
				7751F78E2A06FA7300D32829 /* PBXTargetDependency */,
			);
			name = MovieDBAppTests;
			productName = MovieDBAppTests;
			productReference = 7751F78C2A06FA7300D32829 /* MovieDBAppTests.xctest */;
			productType = "com.apple.product-type.bundle.unit-test";
		};
		7751F7952A06FA7300D32829 /* MovieDBAppUITests */ = {
			isa = PBXNativeTarget;
			buildConfigurationList = 7751F7A62A06FA7300D32829 /* Build configuration list for PBXNativeTarget "MovieDBAppUITests" */;
			buildPhases = (
				AE0B9DA571227685F67BC676 /* [CP] Check Pods Manifest.lock */,
				7751F7922A06FA7300D32829 /* Sources */,
				7751F7932A06FA7300D32829 /* Frameworks */,
				7751F7942A06FA7300D32829 /* Resources */,
			);
			buildRules = (
			);
			dependencies = (
				7751F7982A06FA7300D32829 /* PBXTargetDependency */,
			);
			name = MovieDBAppUITests;
			productName = MovieDBAppUITests;
			productReference = 7751F7962A06FA7300D32829 /* MovieDBAppUITests.xctest */;
			productType = "com.apple.product-type.bundle.ui-testing";
		};
/* End PBXNativeTarget section */

/* Begin PBXProject section */
		7751F76E2A06FA7200D32829 /* Project object */ = {
			isa = PBXProject;
			attributes = {
				BuildIndependentTargetsInParallel = 1;
				LastSwiftUpdateCheck = 1430;
				LastUpgradeCheck = 1430;
				TargetAttributes = {
					7751F7752A06FA7200D32829 = {
						CreatedOnToolsVersion = 14.3;
					};
					7751F78B2A06FA7300D32829 = {
						CreatedOnToolsVersion = 14.3;
						TestTargetID = 7751F7752A06FA7200D32829;
					};
					7751F7952A06FA7300D32829 = {
						CreatedOnToolsVersion = 14.3;
						TestTargetID = 7751F7752A06FA7200D32829;
					};
				};
			};
			buildConfigurationList = 7751F7712A06FA7200D32829 /* Build configuration list for PBXProject "MovieDBApp" */;
			compatibilityVersion = "Xcode 14.0";
			developmentRegion = en;
			hasScannedForEncodings = 0;
			knownRegions = (
				en,
				Base,
			);
			mainGroup = 7751F76D2A06FA7200D32829;
			productRefGroup = 7751F7772A06FA7200D32829 /* Products */;
			projectDirPath = "";
			projectRoot = "";
			targets = (
				7751F7752A06FA7200D32829 /* MovieDBApp */,
				7751F78B2A06FA7300D32829 /* MovieDBAppTests */,
				7751F7952A06FA7300D32829 /* MovieDBAppUITests */,
			);
		};
/* End PBXProject section */

/* Begin PBXResourcesBuildPhase section */
		7751F7742A06FA7200D32829 /* Resources */ = {
			isa = PBXResourcesBuildPhase;
			buildActionMask = 2147483647;
			files = (
				7751F7862A06FA7300D32829 /* LaunchScreen.storyboard in Resources */,
				7751F7832A06FA7300D32829 /* Assets.xcassets in Resources */,
				7751F7812A06FA7200D32829 /* Main.storyboard in Resources */,
			);
			runOnlyForDeploymentPostprocessing = 0;
		};
		7751F78A2A06FA7300D32829 /* Resources */ = {
			isa = PBXResourcesBuildPhase;
			buildActionMask = 2147483647;
			files = (
			);
			runOnlyForDeploymentPostprocessing = 0;
		};
		7751F7942A06FA7300D32829 /* Resources */ = {
			isa = PBXResourcesBuildPhase;
			buildActionMask = 2147483647;
			files = (
			);
			runOnlyForDeploymentPostprocessing = 0;
		};
/* End PBXResourcesBuildPhase section */

/* Begin PBXShellScriptBuildPhase section */
		05DFC73203B794A6429917A9 /* [CP] Check Pods Manifest.lock */ = {
			isa = PBXShellScriptBuildPhase;
			buildActionMask = 2147483647;
			files = (
			);
			inputFileListPaths = (
			);
			inputPaths = (
				"${PODS_PODFILE_DIR_PATH}/Podfile.lock",
				"${PODS_ROOT}/Manifest.lock",
			);
			name = "[CP] Check Pods Manifest.lock";
			outputFileListPaths = (
			);
			outputPaths = (
				"$(DERIVED_FILE_DIR)/Pods-MovieDBAppTests-checkManifestLockResult.txt",
			);
			runOnlyForDeploymentPostprocessing = 0;
			shellPath = /bin/sh;
			shellScript = "diff \"${PODS_PODFILE_DIR_PATH}/Podfile.lock\" \"${PODS_ROOT}/Manifest.lock\" > /dev/null\nif [ $? != 0 ] ; then\n    # print error to STDERR\n    echo \"error: The sandbox is not in sync with the Podfile.lock. Run 'pod install' or update your CocoaPods installation.\" >&2\n    exit 1\nfi\n# This output is used by Xcode 'outputs' to avoid re-running this script phase.\necho \"SUCCESS\" > \"${SCRIPT_OUTPUT_FILE_0}\"\n";
			showEnvVarsInLog = 0;
		};
		54AE90D4F56E151A588DF956 /* [CP] Check Pods Manifest.lock */ = {
			isa = PBXShellScriptBuildPhase;
			buildActionMask = 2147483647;
			files = (
			);
			inputFileListPaths = (
			);
			inputPaths = (
				"${PODS_PODFILE_DIR_PATH}/Podfile.lock",
				"${PODS_ROOT}/Manifest.lock",
			);
			name = "[CP] Check Pods Manifest.lock";
			outputFileListPaths = (
			);
			outputPaths = (
				"$(DERIVED_FILE_DIR)/Pods-MovieDBApp-checkManifestLockResult.txt",
			);
			runOnlyForDeploymentPostprocessing = 0;
			shellPath = /bin/sh;
			shellScript = "diff \"${PODS_PODFILE_DIR_PATH}/Podfile.lock\" \"${PODS_ROOT}/Manifest.lock\" > /dev/null\nif [ $? != 0 ] ; then\n    # print error to STDERR\n    echo \"error: The sandbox is not in sync with the Podfile.lock. Run 'pod install' or update your CocoaPods installation.\" >&2\n    exit 1\nfi\n# This output is used by Xcode 'outputs' to avoid re-running this script phase.\necho \"SUCCESS\" > \"${SCRIPT_OUTPUT_FILE_0}\"\n";
			showEnvVarsInLog = 0;
		};
		7751C0372A070A6300692B04 /* ShellScript */ = {
			isa = PBXShellScriptBuildPhase;
			alwaysOutOfDate = 1;
			buildActionMask = 2147483647;
			files = (
			);
			inputFileListPaths = (
			);
			inputPaths = (
			);
			outputFileListPaths = (
			);
			outputPaths = (
			);
			runOnlyForDeploymentPostprocessing = 0;
			shellPath = /bin/sh;
			shellScript = "\"${PODS_ROOT}/SwiftLint/swiftlint\"\n";
		};
		AE0B9DA571227685F67BC676 /* [CP] Check Pods Manifest.lock */ = {
			isa = PBXShellScriptBuildPhase;
			buildActionMask = 2147483647;
			files = (
			);
			inputFileListPaths = (
			);
			inputPaths = (
				"${PODS_PODFILE_DIR_PATH}/Podfile.lock",
				"${PODS_ROOT}/Manifest.lock",
			);
			name = "[CP] Check Pods Manifest.lock";
			outputFileListPaths = (
			);
			outputPaths = (
				"$(DERIVED_FILE_DIR)/Pods-MovieDBApp-MovieDBAppUITests-checkManifestLockResult.txt",
			);
			runOnlyForDeploymentPostprocessing = 0;
			shellPath = /bin/sh;
			shellScript = "diff \"${PODS_PODFILE_DIR_PATH}/Podfile.lock\" \"${PODS_ROOT}/Manifest.lock\" > /dev/null\nif [ $? != 0 ] ; then\n    # print error to STDERR\n    echo \"error: The sandbox is not in sync with the Podfile.lock. Run 'pod install' or update your CocoaPods installation.\" >&2\n    exit 1\nfi\n# This output is used by Xcode 'outputs' to avoid re-running this script phase.\necho \"SUCCESS\" > \"${SCRIPT_OUTPUT_FILE_0}\"\n";
			showEnvVarsInLog = 0;
		};
/* End PBXShellScriptBuildPhase section */

/* Begin PBXSourcesBuildPhase section */
		7751F7722A06FA7200D32829 /* Sources */ = {
			isa = PBXSourcesBuildPhase;
			buildActionMask = 2147483647;
			files = (
				7751F77E2A06FA7200D32829 /* ViewController.swift in Sources */,
				7751F77A2A06FA7200D32829 /* AppDelegate.swift in Sources */,
				7751F77C2A06FA7200D32829 /* SceneDelegate.swift in Sources */,
			);
			runOnlyForDeploymentPostprocessing = 0;
		};
		7751F7882A06FA7300D32829 /* Sources */ = {
			isa = PBXSourcesBuildPhase;
			buildActionMask = 2147483647;
			files = (
				7751F7912A06FA7300D32829 /* MovieDBAppTests.swift in Sources */,
			);
			runOnlyForDeploymentPostprocessing = 0;
		};
		7751F7922A06FA7300D32829 /* Sources */ = {
			isa = PBXSourcesBuildPhase;
			buildActionMask = 2147483647;
			files = (
				7751F79B2A06FA7300D32829 /* MovieDBAppUITests.swift in Sources */,
				7751F79D2A06FA7300D32829 /* MovieDBAppUITestsLaunchTests.swift in Sources */,
			);
			runOnlyForDeploymentPostprocessing = 0;
		};
/* End PBXSourcesBuildPhase section */

/* Begin PBXTargetDependency section */
		7751F78E2A06FA7300D32829 /* PBXTargetDependency */ = {
			isa = PBXTargetDependency;
			target = 7751F7752A06FA7200D32829 /* MovieDBApp */;
			targetProxy = 7751F78D2A06FA7300D32829 /* PBXContainerItemProxy */;
		};
		7751F7982A06FA7300D32829 /* PBXTargetDependency */ = {
			isa = PBXTargetDependency;
			target = 7751F7752A06FA7200D32829 /* MovieDBApp */;
			targetProxy = 7751F7972A06FA7300D32829 /* PBXContainerItemProxy */;
		};
/* End PBXTargetDependency section */

/* Begin PBXVariantGroup section */
		7751F77F2A06FA7200D32829 /* Main.storyboard */ = {
			isa = PBXVariantGroup;
			children = (
				7751F7802A06FA7200D32829 /* Base */,
			);
			name = Main.storyboard;
			sourceTree = "<group>";
		};
		7751F7842A06FA7300D32829 /* LaunchScreen.storyboard */ = {
			isa = PBXVariantGroup;
			children = (
				7751F7852A06FA7300D32829 /* Base */,
			);
			name = LaunchScreen.storyboard;
			sourceTree = "<group>";
		};
/* End PBXVariantGroup section */

/* Begin XCBuildConfiguration section */
		7751F79E2A06FA7300D32829 /* Debug */ = {
			isa = XCBuildConfiguration;
			buildSettings = {
				ALWAYS_SEARCH_USER_PATHS = NO;
				CLANG_ANALYZER_NONNULL = YES;
				CLANG_ANALYZER_NUMBER_OBJECT_CONVERSION = YES_AGGRESSIVE;
				CLANG_CXX_LANGUAGE_STANDARD = "gnu++20";
				CLANG_ENABLE_MODULES = YES;
				CLANG_ENABLE_OBJC_ARC = YES;
				CLANG_ENABLE_OBJC_WEAK = YES;
				CLANG_WARN_BLOCK_CAPTURE_AUTORELEASING = YES;
				CLANG_WARN_BOOL_CONVERSION = YES;
				CLANG_WARN_COMMA = YES;
				CLANG_WARN_CONSTANT_CONVERSION = YES;
				CLANG_WARN_DEPRECATED_OBJC_IMPLEMENTATIONS = YES;
				CLANG_WARN_DIRECT_OBJC_ISA_USAGE = YES_ERROR;
				CLANG_WARN_DOCUMENTATION_COMMENTS = YES;
				CLANG_WARN_EMPTY_BODY = YES;
				CLANG_WARN_ENUM_CONVERSION = YES;
				CLANG_WARN_INFINITE_RECURSION = YES;
				CLANG_WARN_INT_CONVERSION = YES;
				CLANG_WARN_NON_LITERAL_NULL_CONVERSION = YES;
				CLANG_WARN_OBJC_IMPLICIT_RETAIN_SELF = YES;
				CLANG_WARN_OBJC_LITERAL_CONVERSION = YES;
				CLANG_WARN_OBJC_ROOT_CLASS = YES_ERROR;
				CLANG_WARN_QUOTED_INCLUDE_IN_FRAMEWORK_HEADER = YES;
				CLANG_WARN_RANGE_LOOP_ANALYSIS = YES;
				CLANG_WARN_STRICT_PROTOTYPES = YES;
				CLANG_WARN_SUSPICIOUS_MOVE = YES;
				CLANG_WARN_UNGUARDED_AVAILABILITY = YES_AGGRESSIVE;
				CLANG_WARN_UNREACHABLE_CODE = YES;
				CLANG_WARN__DUPLICATE_METHOD_MATCH = YES;
				COPY_PHASE_STRIP = NO;
				DEBUG_INFORMATION_FORMAT = dwarf;
				ENABLE_STRICT_OBJC_MSGSEND = YES;
				ENABLE_TESTABILITY = YES;
				GCC_C_LANGUAGE_STANDARD = gnu11;
				GCC_DYNAMIC_NO_PIC = NO;
				GCC_NO_COMMON_BLOCKS = YES;
				GCC_OPTIMIZATION_LEVEL = 0;
				GCC_PREPROCESSOR_DEFINITIONS = (
					"DEBUG=1",
					"$(inherited)",
				);
				GCC_WARN_64_TO_32_BIT_CONVERSION = YES;
				GCC_WARN_ABOUT_RETURN_TYPE = YES_ERROR;
				GCC_WARN_UNDECLARED_SELECTOR = YES;
				GCC_WARN_UNINITIALIZED_AUTOS = YES_AGGRESSIVE;
				GCC_WARN_UNUSED_FUNCTION = YES;
				GCC_WARN_UNUSED_VARIABLE = YES;
				IPHONEOS_DEPLOYMENT_TARGET = 16.4;
				MTL_ENABLE_DEBUG_INFO = INCLUDE_SOURCE;
				MTL_FAST_MATH = YES;
				ONLY_ACTIVE_ARCH = YES;
				SDKROOT = iphoneos;
				SWIFT_ACTIVE_COMPILATION_CONDITIONS = DEBUG;
				SWIFT_OPTIMIZATION_LEVEL = "-Onone";
			};
			name = Debug;
		};
		7751F79F2A06FA7300D32829 /* Release */ = {
			isa = XCBuildConfiguration;
			buildSettings = {
				ALWAYS_SEARCH_USER_PATHS = NO;
				CLANG_ANALYZER_NONNULL = YES;
				CLANG_ANALYZER_NUMBER_OBJECT_CONVERSION = YES_AGGRESSIVE;
				CLANG_CXX_LANGUAGE_STANDARD = "gnu++20";
				CLANG_ENABLE_MODULES = YES;
				CLANG_ENABLE_OBJC_ARC = YES;
				CLANG_ENABLE_OBJC_WEAK = YES;
				CLANG_WARN_BLOCK_CAPTURE_AUTORELEASING = YES;
				CLANG_WARN_BOOL_CONVERSION = YES;
				CLANG_WARN_COMMA = YES;
				CLANG_WARN_CONSTANT_CONVERSION = YES;
				CLANG_WARN_DEPRECATED_OBJC_IMPLEMENTATIONS = YES;
				CLANG_WARN_DIRECT_OBJC_ISA_USAGE = YES_ERROR;
				CLANG_WARN_DOCUMENTATION_COMMENTS = YES;
				CLANG_WARN_EMPTY_BODY = YES;
				CLANG_WARN_ENUM_CONVERSION = YES;
				CLANG_WARN_INFINITE_RECURSION = YES;
				CLANG_WARN_INT_CONVERSION = YES;
				CLANG_WARN_NON_LITERAL_NULL_CONVERSION = YES;
				CLANG_WARN_OBJC_IMPLICIT_RETAIN_SELF = YES;
				CLANG_WARN_OBJC_LITERAL_CONVERSION = YES;
				CLANG_WARN_OBJC_ROOT_CLASS = YES_ERROR;
				CLANG_WARN_QUOTED_INCLUDE_IN_FRAMEWORK_HEADER = YES;
				CLANG_WARN_RANGE_LOOP_ANALYSIS = YES;
				CLANG_WARN_STRICT_PROTOTYPES = YES;
				CLANG_WARN_SUSPICIOUS_MOVE = YES;
				CLANG_WARN_UNGUARDED_AVAILABILITY = YES_AGGRESSIVE;
				CLANG_WARN_UNREACHABLE_CODE = YES;
				CLANG_WARN__DUPLICATE_METHOD_MATCH = YES;
				COPY_PHASE_STRIP = NO;
				DEBUG_INFORMATION_FORMAT = "dwarf-with-dsym";
				ENABLE_NS_ASSERTIONS = NO;
				ENABLE_STRICT_OBJC_MSGSEND = YES;
				GCC_C_LANGUAGE_STANDARD = gnu11;
				GCC_NO_COMMON_BLOCKS = YES;
				GCC_WARN_64_TO_32_BIT_CONVERSION = YES;
				GCC_WARN_ABOUT_RETURN_TYPE = YES_ERROR;
				GCC_WARN_UNDECLARED_SELECTOR = YES;
				GCC_WARN_UNINITIALIZED_AUTOS = YES_AGGRESSIVE;
				GCC_WARN_UNUSED_FUNCTION = YES;
				GCC_WARN_UNUSED_VARIABLE = YES;
				IPHONEOS_DEPLOYMENT_TARGET = 16.4;
				MTL_ENABLE_DEBUG_INFO = NO;
				MTL_FAST_MATH = YES;
				SDKROOT = iphoneos;
				SWIFT_COMPILATION_MODE = wholemodule;
				SWIFT_OPTIMIZATION_LEVEL = "-O";
				VALIDATE_PRODUCT = YES;
			};
			name = Release;
		};
		7751F7A12A06FA7300D32829 /* Debug */ = {
			isa = XCBuildConfiguration;
			baseConfigurationReference = BD6B8FB4C47C0DA991F48F44 /* Pods-MovieDBApp.debug.xcconfig */;
			buildSettings = {
				ASSETCATALOG_COMPILER_APPICON_NAME = AppIcon;
				ASSETCATALOG_COMPILER_GLOBAL_ACCENT_COLOR_NAME = AccentColor;
				CODE_SIGN_STYLE = Automatic;
				CURRENT_PROJECT_VERSION = 1;
				DEVELOPMENT_TEAM = 5UH57CWJCK;
				GENERATE_INFOPLIST_FILE = YES;
				INFOPLIST_FILE = MovieDBApp/Info.plist;
				INFOPLIST_KEY_UIApplicationSupportsIndirectInputEvents = YES;
				INFOPLIST_KEY_UILaunchStoryboardName = LaunchScreen;
				INFOPLIST_KEY_UIMainStoryboardFile = Main;
				INFOPLIST_KEY_UISupportedInterfaceOrientations_iPad = "UIInterfaceOrientationPortrait UIInterfaceOrientationPortraitUpsideDown UIInterfaceOrientationLandscapeLeft UIInterfaceOrientationLandscapeRight";
				INFOPLIST_KEY_UISupportedInterfaceOrientations_iPhone = "UIInterfaceOrientationPortrait UIInterfaceOrientationLandscapeLeft UIInterfaceOrientationLandscapeRight";
				LD_RUNPATH_SEARCH_PATHS = (
					"$(inherited)",
					"@executable_path/Frameworks",
				);
				MARKETING_VERSION = 1.0;
				PRODUCT_BUNDLE_IDENTIFIER = com.alekseyklyonov.MovieDBApp;
				PRODUCT_NAME = "$(TARGET_NAME)";
				SWIFT_EMIT_LOC_STRINGS = YES;
				SWIFT_VERSION = 5.0;
				TARGETED_DEVICE_FAMILY = "1,2";
			};
			name = Debug;
		};
		7751F7A22A06FA7300D32829 /* Release */ = {
			isa = XCBuildConfiguration;
			baseConfigurationReference = 6AC4A0E2D1011574C21A4BE7 /* Pods-MovieDBApp.release.xcconfig */;
			buildSettings = {
				ASSETCATALOG_COMPILER_APPICON_NAME = AppIcon;
				ASSETCATALOG_COMPILER_GLOBAL_ACCENT_COLOR_NAME = AccentColor;
				CODE_SIGN_STYLE = Automatic;
				CURRENT_PROJECT_VERSION = 1;
				DEVELOPMENT_TEAM = 5UH57CWJCK;
				GENERATE_INFOPLIST_FILE = YES;
				INFOPLIST_FILE = MovieDBApp/Info.plist;
				INFOPLIST_KEY_UIApplicationSupportsIndirectInputEvents = YES;
				INFOPLIST_KEY_UILaunchStoryboardName = LaunchScreen;
				INFOPLIST_KEY_UIMainStoryboardFile = Main;
				INFOPLIST_KEY_UISupportedInterfaceOrientations_iPad = "UIInterfaceOrientationPortrait UIInterfaceOrientationPortraitUpsideDown UIInterfaceOrientationLandscapeLeft UIInterfaceOrientationLandscapeRight";
				INFOPLIST_KEY_UISupportedInterfaceOrientations_iPhone = "UIInterfaceOrientationPortrait UIInterfaceOrientationLandscapeLeft UIInterfaceOrientationLandscapeRight";
				LD_RUNPATH_SEARCH_PATHS = (
					"$(inherited)",
					"@executable_path/Frameworks",
				);
				MARKETING_VERSION = 1.0;
				PRODUCT_BUNDLE_IDENTIFIER = com.alekseyklyonov.MovieDBApp;
				PRODUCT_NAME = "$(TARGET_NAME)";
				SWIFT_EMIT_LOC_STRINGS = YES;
				SWIFT_VERSION = 5.0;
				TARGETED_DEVICE_FAMILY = "1,2";
			};
			name = Release;
		};
		7751F7A42A06FA7300D32829 /* Debug */ = {
			isa = XCBuildConfiguration;
			baseConfigurationReference = 0D19F30C9BC3F00D4C36F3DD /* Pods-MovieDBAppTests.debug.xcconfig */;
			buildSettings = {
				ALWAYS_EMBED_SWIFT_STANDARD_LIBRARIES = YES;
				BUNDLE_LOADER = "$(TEST_HOST)";
				CODE_SIGN_STYLE = Automatic;
				CURRENT_PROJECT_VERSION = 1;
				DEVELOPMENT_TEAM = 5UH57CWJCK;
				GENERATE_INFOPLIST_FILE = YES;
				IPHONEOS_DEPLOYMENT_TARGET = 16.4;
				MARKETING_VERSION = 1.0;
				PRODUCT_BUNDLE_IDENTIFIER = com.alekseyklyonov.MovieDBAppTests;
				PRODUCT_NAME = "$(TARGET_NAME)";
				SWIFT_EMIT_LOC_STRINGS = NO;
				SWIFT_VERSION = 5.0;
				TARGETED_DEVICE_FAMILY = "1,2";
				TEST_HOST = "$(BUILT_PRODUCTS_DIR)/MovieDBApp.app/$(BUNDLE_EXECUTABLE_FOLDER_PATH)/MovieDBApp";
			};
			name = Debug;
		};
		7751F7A52A06FA7300D32829 /* Release */ = {
			isa = XCBuildConfiguration;
			baseConfigurationReference = 0D50108040CCCB41F2280A10 /* Pods-MovieDBAppTests.release.xcconfig */;
			buildSettings = {
				ALWAYS_EMBED_SWIFT_STANDARD_LIBRARIES = YES;
				BUNDLE_LOADER = "$(TEST_HOST)";
				CODE_SIGN_STYLE = Automatic;
				CURRENT_PROJECT_VERSION = 1;
				DEVELOPMENT_TEAM = 5UH57CWJCK;
				GENERATE_INFOPLIST_FILE = YES;
				IPHONEOS_DEPLOYMENT_TARGET = 16.4;
				MARKETING_VERSION = 1.0;
				PRODUCT_BUNDLE_IDENTIFIER = com.alekseyklyonov.MovieDBAppTests;
				PRODUCT_NAME = "$(TARGET_NAME)";
				SWIFT_EMIT_LOC_STRINGS = NO;
				SWIFT_VERSION = 5.0;
				TARGETED_DEVICE_FAMILY = "1,2";
				TEST_HOST = "$(BUILT_PRODUCTS_DIR)/MovieDBApp.app/$(BUNDLE_EXECUTABLE_FOLDER_PATH)/MovieDBApp";
			};
			name = Release;
		};
		7751F7A72A06FA7300D32829 /* Debug */ = {
			isa = XCBuildConfiguration;
			baseConfigurationReference = 7E7EC6C86C450998D913A397 /* Pods-MovieDBApp-MovieDBAppUITests.debug.xcconfig */;
			buildSettings = {
				ALWAYS_EMBED_SWIFT_STANDARD_LIBRARIES = YES;
				CODE_SIGN_STYLE = Automatic;
				CURRENT_PROJECT_VERSION = 1;
				DEVELOPMENT_TEAM = 5UH57CWJCK;
				GENERATE_INFOPLIST_FILE = YES;
				MARKETING_VERSION = 1.0;
				PRODUCT_BUNDLE_IDENTIFIER = com.alekseyklyonov.MovieDBAppUITests;
				PRODUCT_NAME = "$(TARGET_NAME)";
				SWIFT_EMIT_LOC_STRINGS = NO;
				SWIFT_VERSION = 5.0;
				TARGETED_DEVICE_FAMILY = "1,2";
				TEST_TARGET_NAME = MovieDBApp;
			};
			name = Debug;
		};
		7751F7A82A06FA7300D32829 /* Release */ = {
			isa = XCBuildConfiguration;
			baseConfigurationReference = 65C0696FAA2F9EC025936199 /* Pods-MovieDBApp-MovieDBAppUITests.release.xcconfig */;
			buildSettings = {
				ALWAYS_EMBED_SWIFT_STANDARD_LIBRARIES = YES;
				CODE_SIGN_STYLE = Automatic;
				CURRENT_PROJECT_VERSION = 1;
				DEVELOPMENT_TEAM = 5UH57CWJCK;
				GENERATE_INFOPLIST_FILE = YES;
				MARKETING_VERSION = 1.0;
				PRODUCT_BUNDLE_IDENTIFIER = com.alekseyklyonov.MovieDBAppUITests;
				PRODUCT_NAME = "$(TARGET_NAME)";
				SWIFT_EMIT_LOC_STRINGS = NO;
				SWIFT_VERSION = 5.0;
				TARGETED_DEVICE_FAMILY = "1,2";
				TEST_TARGET_NAME = MovieDBApp;
			};
			name = Release;
		};
/* End XCBuildConfiguration section */

/* Begin XCConfigurationList section */
		7751F7712A06FA7200D32829 /* Build configuration list for PBXProject "MovieDBApp" */ = {
			isa = XCConfigurationList;
			buildConfigurations = (
				7751F79E2A06FA7300D32829 /* Debug */,
				7751F79F2A06FA7300D32829 /* Release */,
			);
			defaultConfigurationIsVisible = 0;
			defaultConfigurationName = Release;
		};
		7751F7A02A06FA7300D32829 /* Build configuration list for PBXNativeTarget "MovieDBApp" */ = {
			isa = XCConfigurationList;
			buildConfigurations = (
				7751F7A12A06FA7300D32829 /* Debug */,
				7751F7A22A06FA7300D32829 /* Release */,
			);
			defaultConfigurationIsVisible = 0;
			defaultConfigurationName = Release;
		};
		7751F7A32A06FA7300D32829 /* Build configuration list for PBXNativeTarget "MovieDBAppTests" */ = {
			isa = XCConfigurationList;
			buildConfigurations = (
				7751F7A42A06FA7300D32829 /* Debug */,
				7751F7A52A06FA7300D32829 /* Release */,
			);
			defaultConfigurationIsVisible = 0;
			defaultConfigurationName = Release;
		};
		7751F7A62A06FA7300D32829 /* Build configuration list for PBXNativeTarget "MovieDBAppUITests" */ = {
			isa = XCConfigurationList;
			buildConfigurations = (
				7751F7A72A06FA7300D32829 /* Debug */,
				7751F7A82A06FA7300D32829 /* Release */,
			);
			defaultConfigurationIsVisible = 0;
			defaultConfigurationName = Release;
		};
/* End XCConfigurationList section */
	};
	rootObject = 7751F76E2A06FA7200D32829 /* Project object */;
}
