// !$*UTF8*$!
{
	archiveVersion = 1;
	classes = {
	};
	objectVersion = 56;
	objects = {

/* Begin PBXBuildFile section */
		040F9C5E9DA96DFE52F7E5D5 /* Pods_MovieDBAppTests.framework in Frameworks */ = {isa = PBXBuildFile; fileRef = 2D11A1D64D0590C03AFE7B0F /* Pods_MovieDBAppTests.framework */; };
		4049941460B2D7FEAEFC89BE /* Pods_MovieDBApp_MovieDBAppUITests.framework in Frameworks */ = {isa = PBXBuildFile; fileRef = 9D14DF5F21084E8E4E327579 /* Pods_MovieDBApp_MovieDBAppUITests.framework */; };
		7722BE152A0992CB009E90AA /* CarouselViewController.swift in Sources */ = {isa = PBXBuildFile; fileRef = 7722BE142A0992CB009E90AA /* CarouselViewController.swift */; };
		7722BE192A099355009E90AA /* CarouselFlowLayout.swift in Sources */ = {isa = PBXBuildFile; fileRef = 7722BE182A099355009E90AA /* CarouselFlowLayout.swift */; };
		7722BE1B2A09938C009E90AA /* CarouselCell.swift in Sources */ = {isa = PBXBuildFile; fileRef = 7722BE1A2A09938C009E90AA /* CarouselCell.swift */; };
		7722BE1D2A0993C2009E90AA /* CALayer.swift in Sources */ = {isa = PBXBuildFile; fileRef = 7722BE1C2A0993C2009E90AA /* CALayer.swift */; };
		7722BE1F2A09941C009E90AA /* UICollectionView.swift in Sources */ = {isa = PBXBuildFile; fileRef = 7722BE1E2A09941C009E90AA /* UICollectionView.swift */; };
		7722BE222A09948C009E90AA /* Entities.swift in Sources */ = {isa = PBXBuildFile; fileRef = 7722BE212A09948C009E90AA /* Entities.swift */; };
		7722BE272A099661009E90AA /* DashboardContentViewController.swift in Sources */ = {isa = PBXBuildFile; fileRef = 7722BE262A099661009E90AA /* DashboardContentViewController.swift */; };
		7722BE292A09967F009E90AA /* DashboardContentViewModel.swift in Sources */ = {isa = PBXBuildFile; fileRef = 7722BE282A09967F009E90AA /* DashboardContentViewModel.swift */; };
		7722BE2D2A0A7CA4009E90AA /* Genre.swift in Sources */ = {isa = PBXBuildFile; fileRef = 7722BE2C2A0A7CA4009E90AA /* Genre.swift */; };
		7722BE302A0A7FBF009E90AA /* RealmError.swift in Sources */ = {isa = PBXBuildFile; fileRef = 7722BE2F2A0A7FBF009E90AA /* RealmError.swift */; };
		7722BE332A0A8638009E90AA /* Realm.swift in Sources */ = {isa = PBXBuildFile; fileRef = 7722BE322A0A8638009E90AA /* Realm.swift */; };
		7722BE362A0A8865009E90AA /* ViewStateMachine.swift in Sources */ = {isa = PBXBuildFile; fileRef = 7722BE352A0A8865009E90AA /* ViewStateMachine.swift */; };
		7722BE392A0A88D6009E90AA /* DashboardContentViewState.swift in Sources */ = {isa = PBXBuildFile; fileRef = 7722BE382A0A88D6009E90AA /* DashboardContentViewState.swift */; };
		7722BE3C2A0A8C54009E90AA /* DashboardContentProvider.swift in Sources */ = {isa = PBXBuildFile; fileRef = 7722BE3B2A0A8C54009E90AA /* DashboardContentProvider.swift */; };
		7722BE3E2A0A8DEF009E90AA /* GetMoviesRequest.swift in Sources */ = {isa = PBXBuildFile; fileRef = 7722BE3D2A0A8DEF009E90AA /* GetMoviesRequest.swift */; };
		7722BE412A0A92B1009E90AA /* ImageSizes.swift in Sources */ = {isa = PBXBuildFile; fileRef = 7722BE402A0A92B1009E90AA /* ImageSizes.swift */; };
		7722BE442A0A9756009E90AA /* ImageService.swift in Sources */ = {isa = PBXBuildFile; fileRef = 7722BE432A0A9756009E90AA /* ImageService.swift */; };
		7722BE462A0A9ED0009E90AA /* PopularMoviesService.swift in Sources */ = {isa = PBXBuildFile; fileRef = 7722BE452A0A9ED0009E90AA /* PopularMoviesService.swift */; };
		7722BE492A23B4C9009E90AA /* ShadowImageView.swift in Sources */ = {isa = PBXBuildFile; fileRef = 7722BE482A23B4C9009E90AA /* ShadowImageView.swift */; };
		7722BE4D2A23BE2F009E90AA /* MovieDetailsViewController.swift in Sources */ = {isa = PBXBuildFile; fileRef = 7722BE4C2A23BE2F009E90AA /* MovieDetailsViewController.swift */; };
		7722BE502A23BE50009E90AA /* MovieDetailsViewModel.swift in Sources */ = {isa = PBXBuildFile; fileRef = 7722BE4F2A23BE50009E90AA /* MovieDetailsViewModel.swift */; };
		7722BE522A2904B9009E90AA /* CarouselView.swift in Sources */ = {isa = PBXBuildFile; fileRef = 7722BE512A2904B9009E90AA /* CarouselView.swift */; };
		7722BE542A29092F009E90AA /* CarouselViewModel.swift in Sources */ = {isa = PBXBuildFile; fileRef = 7722BE532A29092F009E90AA /* CarouselViewModel.swift */; };
		7722BE572A290F25009E90AA /* CustomTransition.swift in Sources */ = {isa = PBXBuildFile; fileRef = 7722BE562A290F25009E90AA /* CustomTransition.swift */; };
		7722BE592A2917D2009E90AA /* UINavigationController.swift in Sources */ = {isa = PBXBuildFile; fileRef = 7722BE582A2917D2009E90AA /* UINavigationController.swift */; };
		7751C0392A07E16800692B04 /* AppCoordinator.swift in Sources */ = {isa = PBXBuildFile; fileRef = 7751C0382A07E16800692B04 /* AppCoordinator.swift */; };
		7751C03A2A07E16800692B04 /* AppCoordinator.swift in Sources */ = {isa = PBXBuildFile; fileRef = 7751C0382A07E16800692B04 /* AppCoordinator.swift */; };
		7751C03B2A07E16800692B04 /* AppCoordinator.swift in Sources */ = {isa = PBXBuildFile; fileRef = 7751C0382A07E16800692B04 /* AppCoordinator.swift */; };
		7751C03D2A07E1AD00692B04 /* Coordinator.swift in Sources */ = {isa = PBXBuildFile; fileRef = 7751C03C2A07E1AD00692B04 /* Coordinator.swift */; };
		7751C03E2A07E1AD00692B04 /* Coordinator.swift in Sources */ = {isa = PBXBuildFile; fileRef = 7751C03C2A07E1AD00692B04 /* Coordinator.swift */; };
		7751C03F2A07E1AD00692B04 /* Coordinator.swift in Sources */ = {isa = PBXBuildFile; fileRef = 7751C03C2A07E1AD00692B04 /* Coordinator.swift */; };
		7751C0422A07E34500692B04 /* TabBarItem.swift in Sources */ = {isa = PBXBuildFile; fileRef = 7751C0412A07E34500692B04 /* TabBarItem.swift */; };
		7751C0432A07E34500692B04 /* TabBarItem.swift in Sources */ = {isa = PBXBuildFile; fileRef = 7751C0412A07E34500692B04 /* TabBarItem.swift */; };
		7751C0442A07E34500692B04 /* TabBarItem.swift in Sources */ = {isa = PBXBuildFile; fileRef = 7751C0412A07E34500692B04 /* TabBarItem.swift */; };
		7751C0472A07E3E300692B04 /* UIColor.swift in Sources */ = {isa = PBXBuildFile; fileRef = 7751C0462A07E3E300692B04 /* UIColor.swift */; };
		7751C0482A07E3E300692B04 /* UIColor.swift in Sources */ = {isa = PBXBuildFile; fileRef = 7751C0462A07E3E300692B04 /* UIColor.swift */; };
		7751C0492A07E3E300692B04 /* UIColor.swift in Sources */ = {isa = PBXBuildFile; fileRef = 7751C0462A07E3E300692B04 /* UIColor.swift */; };
		7751F77A2A06FA7200D32829 /* AppDelegate.swift in Sources */ = {isa = PBXBuildFile; fileRef = 7751F7792A06FA7200D32829 /* AppDelegate.swift */; };
		7751F77C2A06FA7200D32829 /* SceneDelegate.swift in Sources */ = {isa = PBXBuildFile; fileRef = 7751F77B2A06FA7200D32829 /* SceneDelegate.swift */; };
		7751F7832A06FA7300D32829 /* Assets.xcassets in Resources */ = {isa = PBXBuildFile; fileRef = 7751F7822A06FA7300D32829 /* Assets.xcassets */; };
		7751F7862A06FA7300D32829 /* LaunchScreen.storyboard in Resources */ = {isa = PBXBuildFile; fileRef = 7751F7842A06FA7300D32829 /* LaunchScreen.storyboard */; };
		7751F7912A06FA7300D32829 /* MovieDBAppTests.swift in Sources */ = {isa = PBXBuildFile; fileRef = 7751F7902A06FA7300D32829 /* MovieDBAppTests.swift */; };
		7751F79B2A06FA7300D32829 /* MovieDBAppUITests.swift in Sources */ = {isa = PBXBuildFile; fileRef = 7751F79A2A06FA7300D32829 /* MovieDBAppUITests.swift */; };
		7751F79D2A06FA7300D32829 /* MovieDBAppUITestsLaunchTests.swift in Sources */ = {isa = PBXBuildFile; fileRef = 7751F79C2A06FA7300D32829 /* MovieDBAppUITestsLaunchTests.swift */; };
		77CBCECD2A07EB2C00BF1AB9 /* DashboardCoordinator.swift in Sources */ = {isa = PBXBuildFile; fileRef = 77CBCECC2A07EB2C00BF1AB9 /* DashboardCoordinator.swift */; };
		77CBCED12A0827AE00BF1AB9 /* DashboardSegment.swift in Sources */ = {isa = PBXBuildFile; fileRef = 77CBCED02A0827AE00BF1AB9 /* DashboardSegment.swift */; };
		77CBCED42A08280300BF1AB9 /* DashboardViewFactory.swift in Sources */ = {isa = PBXBuildFile; fileRef = 77CBCED32A08280300BF1AB9 /* DashboardViewFactory.swift */; };
		77CBCED62A0828CB00BF1AB9 /* DashboardViewController.swift in Sources */ = {isa = PBXBuildFile; fileRef = 77CBCED52A0828CB00BF1AB9 /* DashboardViewController.swift */; };
		77CBCED92A08296500BF1AB9 /* MVVMViewController.swift in Sources */ = {isa = PBXBuildFile; fileRef = 77CBCED82A08296500BF1AB9 /* MVVMViewController.swift */; };
		77CBCEDB2A0829D000BF1AB9 /* DashboardViewModel.swift in Sources */ = {isa = PBXBuildFile; fileRef = 77CBCEDA2A0829D000BF1AB9 /* DashboardViewModel.swift */; };
		77CBCEDF2A0835C900BF1AB9 /* MySegmentedPicker.swift in Sources */ = {isa = PBXBuildFile; fileRef = 77CBCEDE2A0835C900BF1AB9 /* MySegmentedPicker.swift */; };
		77CBCEE42A093AC300BF1AB9 /* NetworkAgent.swift in Sources */ = {isa = PBXBuildFile; fileRef = 77CBCEE32A093AC300BF1AB9 /* NetworkAgent.swift */; };
		77CBCEE62A095C2600BF1AB9 /* Errors.swift in Sources */ = {isa = PBXBuildFile; fileRef = 77CBCEE52A095C2600BF1AB9 /* Errors.swift */; };
		77CBCEE82A095C5200BF1AB9 /* DataRequest.swift in Sources */ = {isa = PBXBuildFile; fileRef = 77CBCEE72A095C5200BF1AB9 /* DataRequest.swift */; };
		77CBCEEB2A095CDA00BF1AB9 /* RequestNetworkConfiguration.swift in Sources */ = {isa = PBXBuildFile; fileRef = 77CBCEEA2A095CDA00BF1AB9 /* RequestNetworkConfiguration.swift */; };
		77CBCEED2A095D1100BF1AB9 /* EndpointStorage.swift in Sources */ = {isa = PBXBuildFile; fileRef = 77CBCEEC2A095D1100BF1AB9 /* EndpointStorage.swift */; };
		77CBCEEF2A095D4900BF1AB9 /* EndpointsLoader.swift in Sources */ = {isa = PBXBuildFile; fileRef = 77CBCEEE2A095D4900BF1AB9 /* EndpointsLoader.swift */; };
		77CBCEF12A095D6E00BF1AB9 /* BaseURLLoader.swift in Sources */ = {isa = PBXBuildFile; fileRef = 77CBCEF02A095D6E00BF1AB9 /* BaseURLLoader.swift */; };
		77CBCEF52A095DB300BF1AB9 /* PlistLoader.swift in Sources */ = {isa = PBXBuildFile; fileRef = 77CBCEF42A095DB300BF1AB9 /* PlistLoader.swift */; };
		77CBCEF92A095E3500BF1AB9 /* APIEndpoints.plist in Resources */ = {isa = PBXBuildFile; fileRef = 77CBCEF62A095E3500BF1AB9 /* APIEndpoints.plist */; };
		77CBCEFA2A095E3500BF1AB9 /* BaseURLs.plist in Resources */ = {isa = PBXBuildFile; fileRef = 77CBCEF72A095E3500BF1AB9 /* BaseURLs.plist */; };
		77CBCEFB2A095E3500BF1AB9 /* Private.plist in Resources */ = {isa = PBXBuildFile; fileRef = 77CBCEF82A095E3500BF1AB9 /* Private.plist */; };
		77CBCEFE2A095ED800BF1AB9 /* GetGenresRequest.swift in Sources */ = {isa = PBXBuildFile; fileRef = 77CBCEFD2A095ED800BF1AB9 /* GetGenresRequest.swift */; };
		77CBCF012A0960E300BF1AB9 /* GenresService.swift in Sources */ = {isa = PBXBuildFile; fileRef = 77CBCF002A0960E300BF1AB9 /* GenresService.swift */; };
		77CBCF032A09871600BF1AB9 /* Swinject.swift in Sources */ = {isa = PBXBuildFile; fileRef = 77CBCF022A09871600BF1AB9 /* Swinject.swift */; };
		77CBCF052A09879A00BF1AB9 /* URLFormatter.swift in Sources */ = {isa = PBXBuildFile; fileRef = 77CBCF042A09879A00BF1AB9 /* URLFormatter.swift */; };
		77CBCF072A0987B800BF1AB9 /* PrivateDataLoader.swift in Sources */ = {isa = PBXBuildFile; fileRef = 77CBCF062A0987B800BF1AB9 /* PrivateDataLoader.swift */; };
		841DFEBF43F29668D2E90120 /* Pods_MovieDBApp.framework in Frameworks */ = {isa = PBXBuildFile; fileRef = 1C8FAAA20E45193BB5634B7B /* Pods_MovieDBApp.framework */; };
/* End PBXBuildFile section */

/* Begin PBXContainerItemProxy section */
		7751F78D2A06FA7300D32829 /* PBXContainerItemProxy */ = {
			isa = PBXContainerItemProxy;
			containerPortal = 7751F76E2A06FA7200D32829 /* Project object */;
			proxyType = 1;
			remoteGlobalIDString = 7751F7752A06FA7200D32829;
			remoteInfo = MovieDBApp;
		};
		7751F7972A06FA7300D32829 /* PBXContainerItemProxy */ = {
			isa = PBXContainerItemProxy;
			containerPortal = 7751F76E2A06FA7200D32829 /* Project object */;
			proxyType = 1;
			remoteGlobalIDString = 7751F7752A06FA7200D32829;
			remoteInfo = MovieDBApp;
		};
/* End PBXContainerItemProxy section */

/* Begin PBXFileReference section */
		0D19F30C9BC3F00D4C36F3DD /* Pods-MovieDBAppTests.debug.xcconfig */ = {isa = PBXFileReference; includeInIndex = 1; lastKnownFileType = text.xcconfig; name = "Pods-MovieDBAppTests.debug.xcconfig"; path = "Target Support Files/Pods-MovieDBAppTests/Pods-MovieDBAppTests.debug.xcconfig"; sourceTree = "<group>"; };
		0D50108040CCCB41F2280A10 /* Pods-MovieDBAppTests.release.xcconfig */ = {isa = PBXFileReference; includeInIndex = 1; lastKnownFileType = text.xcconfig; name = "Pods-MovieDBAppTests.release.xcconfig"; path = "Target Support Files/Pods-MovieDBAppTests/Pods-MovieDBAppTests.release.xcconfig"; sourceTree = "<group>"; };
		1C8FAAA20E45193BB5634B7B /* Pods_MovieDBApp.framework */ = {isa = PBXFileReference; explicitFileType = wrapper.framework; includeInIndex = 0; path = Pods_MovieDBApp.framework; sourceTree = BUILT_PRODUCTS_DIR; };
		2D11A1D64D0590C03AFE7B0F /* Pods_MovieDBAppTests.framework */ = {isa = PBXFileReference; explicitFileType = wrapper.framework; includeInIndex = 0; path = Pods_MovieDBAppTests.framework; sourceTree = BUILT_PRODUCTS_DIR; };
		65C0696FAA2F9EC025936199 /* Pods-MovieDBApp-MovieDBAppUITests.release.xcconfig */ = {isa = PBXFileReference; includeInIndex = 1; lastKnownFileType = text.xcconfig; name = "Pods-MovieDBApp-MovieDBAppUITests.release.xcconfig"; path = "Target Support Files/Pods-MovieDBApp-MovieDBAppUITests/Pods-MovieDBApp-MovieDBAppUITests.release.xcconfig"; sourceTree = "<group>"; };
		6AC4A0E2D1011574C21A4BE7 /* Pods-MovieDBApp.release.xcconfig */ = {isa = PBXFileReference; includeInIndex = 1; lastKnownFileType = text.xcconfig; name = "Pods-MovieDBApp.release.xcconfig"; path = "Target Support Files/Pods-MovieDBApp/Pods-MovieDBApp.release.xcconfig"; sourceTree = "<group>"; };
		7722BE142A0992CB009E90AA /* CarouselViewController.swift */ = {isa = PBXFileReference; lastKnownFileType = sourcecode.swift; path = CarouselViewController.swift; sourceTree = "<group>"; };
		7722BE182A099355009E90AA /* CarouselFlowLayout.swift */ = {isa = PBXFileReference; lastKnownFileType = sourcecode.swift; path = CarouselFlowLayout.swift; sourceTree = "<group>"; };
		7722BE1A2A09938C009E90AA /* CarouselCell.swift */ = {isa = PBXFileReference; lastKnownFileType = sourcecode.swift; path = CarouselCell.swift; sourceTree = "<group>"; };
		7722BE1C2A0993C2009E90AA /* CALayer.swift */ = {isa = PBXFileReference; lastKnownFileType = sourcecode.swift; path = CALayer.swift; sourceTree = "<group>"; };
		7722BE1E2A09941C009E90AA /* UICollectionView.swift */ = {isa = PBXFileReference; lastKnownFileType = sourcecode.swift; path = UICollectionView.swift; sourceTree = "<group>"; };
		7722BE212A09948C009E90AA /* Entities.swift */ = {isa = PBXFileReference; lastKnownFileType = sourcecode.swift; path = Entities.swift; sourceTree = "<group>"; };
		7722BE262A099661009E90AA /* DashboardContentViewController.swift */ = {isa = PBXFileReference; lastKnownFileType = sourcecode.swift; path = DashboardContentViewController.swift; sourceTree = "<group>"; };
		7722BE282A09967F009E90AA /* DashboardContentViewModel.swift */ = {isa = PBXFileReference; lastKnownFileType = sourcecode.swift; path = DashboardContentViewModel.swift; sourceTree = "<group>"; };
		7722BE2C2A0A7CA4009E90AA /* Genre.swift */ = {isa = PBXFileReference; lastKnownFileType = sourcecode.swift; path = Genre.swift; sourceTree = "<group>"; };
		7722BE2F2A0A7FBF009E90AA /* RealmError.swift */ = {isa = PBXFileReference; lastKnownFileType = sourcecode.swift; path = RealmError.swift; sourceTree = "<group>"; };
		7722BE322A0A8638009E90AA /* Realm.swift */ = {isa = PBXFileReference; lastKnownFileType = sourcecode.swift; path = Realm.swift; sourceTree = "<group>"; };
		7722BE352A0A8865009E90AA /* ViewStateMachine.swift */ = {isa = PBXFileReference; lastKnownFileType = sourcecode.swift; path = ViewStateMachine.swift; sourceTree = "<group>"; };
		7722BE382A0A88D6009E90AA /* DashboardContentViewState.swift */ = {isa = PBXFileReference; lastKnownFileType = sourcecode.swift; path = DashboardContentViewState.swift; sourceTree = "<group>"; };
		7722BE3B2A0A8C54009E90AA /* DashboardContentProvider.swift */ = {isa = PBXFileReference; lastKnownFileType = sourcecode.swift; path = DashboardContentProvider.swift; sourceTree = "<group>"; };
		7722BE3D2A0A8DEF009E90AA /* GetMoviesRequest.swift */ = {isa = PBXFileReference; lastKnownFileType = sourcecode.swift; path = GetMoviesRequest.swift; sourceTree = "<group>"; };
		7722BE402A0A92B1009E90AA /* ImageSizes.swift */ = {isa = PBXFileReference; lastKnownFileType = sourcecode.swift; path = ImageSizes.swift; sourceTree = "<group>"; };
		7722BE432A0A9756009E90AA /* ImageService.swift */ = {isa = PBXFileReference; lastKnownFileType = sourcecode.swift; path = ImageService.swift; sourceTree = "<group>"; };
		7722BE452A0A9ED0009E90AA /* PopularMoviesService.swift */ = {isa = PBXFileReference; lastKnownFileType = sourcecode.swift; path = PopularMoviesService.swift; sourceTree = "<group>"; };
		7722BE482A23B4C9009E90AA /* ShadowImageView.swift */ = {isa = PBXFileReference; lastKnownFileType = sourcecode.swift; path = ShadowImageView.swift; sourceTree = "<group>"; };
		7722BE4C2A23BE2F009E90AA /* MovieDetailsViewController.swift */ = {isa = PBXFileReference; lastKnownFileType = sourcecode.swift; path = MovieDetailsViewController.swift; sourceTree = "<group>"; };
		7722BE4F2A23BE50009E90AA /* MovieDetailsViewModel.swift */ = {isa = PBXFileReference; lastKnownFileType = sourcecode.swift; path = MovieDetailsViewModel.swift; sourceTree = "<group>"; };
		7722BE512A2904B9009E90AA /* CarouselView.swift */ = {isa = PBXFileReference; lastKnownFileType = sourcecode.swift; path = CarouselView.swift; sourceTree = "<group>"; };
		7722BE532A29092F009E90AA /* CarouselViewModel.swift */ = {isa = PBXFileReference; lastKnownFileType = sourcecode.swift; path = CarouselViewModel.swift; sourceTree = "<group>"; };
		7722BE562A290F25009E90AA /* CustomTransition.swift */ = {isa = PBXFileReference; lastKnownFileType = sourcecode.swift; path = CustomTransition.swift; sourceTree = "<group>"; };
		7722BE582A2917D2009E90AA /* UINavigationController.swift */ = {isa = PBXFileReference; lastKnownFileType = sourcecode.swift; path = UINavigationController.swift; sourceTree = "<group>"; };
		7751C0382A07E16800692B04 /* AppCoordinator.swift */ = {isa = PBXFileReference; lastKnownFileType = sourcecode.swift; path = AppCoordinator.swift; sourceTree = "<group>"; };
		7751C03C2A07E1AD00692B04 /* Coordinator.swift */ = {isa = PBXFileReference; lastKnownFileType = sourcecode.swift; path = Coordinator.swift; sourceTree = "<group>"; };
		7751C0412A07E34500692B04 /* TabBarItem.swift */ = {isa = PBXFileReference; lastKnownFileType = sourcecode.swift; path = TabBarItem.swift; sourceTree = "<group>"; };
		7751C0462A07E3E300692B04 /* UIColor.swift */ = {isa = PBXFileReference; lastKnownFileType = sourcecode.swift; path = UIColor.swift; sourceTree = "<group>"; };
		7751F7762A06FA7200D32829 /* MovieDBApp.app */ = {isa = PBXFileReference; explicitFileType = wrapper.application; includeInIndex = 0; path = MovieDBApp.app; sourceTree = BUILT_PRODUCTS_DIR; };
		7751F7792A06FA7200D32829 /* AppDelegate.swift */ = {isa = PBXFileReference; lastKnownFileType = sourcecode.swift; path = AppDelegate.swift; sourceTree = "<group>"; };
		7751F77B2A06FA7200D32829 /* SceneDelegate.swift */ = {isa = PBXFileReference; lastKnownFileType = sourcecode.swift; path = SceneDelegate.swift; sourceTree = "<group>"; };
		7751F7822A06FA7300D32829 /* Assets.xcassets */ = {isa = PBXFileReference; lastKnownFileType = folder.assetcatalog; path = Assets.xcassets; sourceTree = "<group>"; };
		7751F7852A06FA7300D32829 /* Base */ = {isa = PBXFileReference; lastKnownFileType = file.storyboard; name = Base; path = Base.lproj/LaunchScreen.storyboard; sourceTree = "<group>"; };
		7751F7872A06FA7300D32829 /* Info.plist */ = {isa = PBXFileReference; lastKnownFileType = text.plist.xml; path = Info.plist; sourceTree = "<group>"; };
		7751F78C2A06FA7300D32829 /* MovieDBAppTests.xctest */ = {isa = PBXFileReference; explicitFileType = wrapper.cfbundle; includeInIndex = 0; path = MovieDBAppTests.xctest; sourceTree = BUILT_PRODUCTS_DIR; };
		7751F7902A06FA7300D32829 /* MovieDBAppTests.swift */ = {isa = PBXFileReference; lastKnownFileType = sourcecode.swift; path = MovieDBAppTests.swift; sourceTree = "<group>"; };
		7751F7962A06FA7300D32829 /* MovieDBAppUITests.xctest */ = {isa = PBXFileReference; explicitFileType = wrapper.cfbundle; includeInIndex = 0; path = MovieDBAppUITests.xctest; sourceTree = BUILT_PRODUCTS_DIR; };
		7751F79A2A06FA7300D32829 /* MovieDBAppUITests.swift */ = {isa = PBXFileReference; lastKnownFileType = sourcecode.swift; path = MovieDBAppUITests.swift; sourceTree = "<group>"; };
		7751F79C2A06FA7300D32829 /* MovieDBAppUITestsLaunchTests.swift */ = {isa = PBXFileReference; lastKnownFileType = sourcecode.swift; path = MovieDBAppUITestsLaunchTests.swift; sourceTree = "<group>"; };
		77CBCECC2A07EB2C00BF1AB9 /* DashboardCoordinator.swift */ = {isa = PBXFileReference; lastKnownFileType = sourcecode.swift; path = DashboardCoordinator.swift; sourceTree = "<group>"; };
		77CBCED02A0827AE00BF1AB9 /* DashboardSegment.swift */ = {isa = PBXFileReference; lastKnownFileType = sourcecode.swift; path = DashboardSegment.swift; sourceTree = "<group>"; };
		77CBCED32A08280300BF1AB9 /* DashboardViewFactory.swift */ = {isa = PBXFileReference; lastKnownFileType = sourcecode.swift; path = DashboardViewFactory.swift; sourceTree = "<group>"; };
		77CBCED52A0828CB00BF1AB9 /* DashboardViewController.swift */ = {isa = PBXFileReference; lastKnownFileType = sourcecode.swift; path = DashboardViewController.swift; sourceTree = "<group>"; };
		77CBCED82A08296500BF1AB9 /* MVVMViewController.swift */ = {isa = PBXFileReference; lastKnownFileType = sourcecode.swift; path = MVVMViewController.swift; sourceTree = "<group>"; };
		77CBCEDA2A0829D000BF1AB9 /* DashboardViewModel.swift */ = {isa = PBXFileReference; lastKnownFileType = sourcecode.swift; path = DashboardViewModel.swift; sourceTree = "<group>"; };
		77CBCEDE2A0835C900BF1AB9 /* MySegmentedPicker.swift */ = {isa = PBXFileReference; lastKnownFileType = sourcecode.swift; path = MySegmentedPicker.swift; sourceTree = "<group>"; };
		77CBCEE32A093AC300BF1AB9 /* NetworkAgent.swift */ = {isa = PBXFileReference; lastKnownFileType = sourcecode.swift; path = NetworkAgent.swift; sourceTree = "<group>"; };
		77CBCEE52A095C2600BF1AB9 /* Errors.swift */ = {isa = PBXFileReference; lastKnownFileType = sourcecode.swift; path = Errors.swift; sourceTree = "<group>"; };
		77CBCEE72A095C5200BF1AB9 /* DataRequest.swift */ = {isa = PBXFileReference; lastKnownFileType = sourcecode.swift; path = DataRequest.swift; sourceTree = "<group>"; };
		77CBCEEA2A095CDA00BF1AB9 /* RequestNetworkConfiguration.swift */ = {isa = PBXFileReference; lastKnownFileType = sourcecode.swift; path = RequestNetworkConfiguration.swift; sourceTree = "<group>"; };
		77CBCEEC2A095D1100BF1AB9 /* EndpointStorage.swift */ = {isa = PBXFileReference; lastKnownFileType = sourcecode.swift; path = EndpointStorage.swift; sourceTree = "<group>"; };
		77CBCEEE2A095D4900BF1AB9 /* EndpointsLoader.swift */ = {isa = PBXFileReference; lastKnownFileType = sourcecode.swift; path = EndpointsLoader.swift; sourceTree = "<group>"; };
		77CBCEF02A095D6E00BF1AB9 /* BaseURLLoader.swift */ = {isa = PBXFileReference; lastKnownFileType = sourcecode.swift; path = BaseURLLoader.swift; sourceTree = "<group>"; };
		77CBCEF42A095DB300BF1AB9 /* PlistLoader.swift */ = {isa = PBXFileReference; lastKnownFileType = sourcecode.swift; path = PlistLoader.swift; sourceTree = "<group>"; };
		77CBCEF62A095E3500BF1AB9 /* APIEndpoints.plist */ = {isa = PBXFileReference; fileEncoding = 4; lastKnownFileType = text.plist.xml; path = APIEndpoints.plist; sourceTree = "<group>"; };
		77CBCEF72A095E3500BF1AB9 /* BaseURLs.plist */ = {isa = PBXFileReference; fileEncoding = 4; lastKnownFileType = text.plist.xml; path = BaseURLs.plist; sourceTree = "<group>"; };
		77CBCEF82A095E3500BF1AB9 /* Private.plist */ = {isa = PBXFileReference; fileEncoding = 4; lastKnownFileType = text.plist.xml; path = Private.plist; sourceTree = "<group>"; };
		77CBCEFD2A095ED800BF1AB9 /* GetGenresRequest.swift */ = {isa = PBXFileReference; lastKnownFileType = sourcecode.swift; path = GetGenresRequest.swift; sourceTree = "<group>"; };
		77CBCF002A0960E300BF1AB9 /* GenresService.swift */ = {isa = PBXFileReference; lastKnownFileType = sourcecode.swift; path = GenresService.swift; sourceTree = "<group>"; };
		77CBCF022A09871600BF1AB9 /* Swinject.swift */ = {isa = PBXFileReference; lastKnownFileType = sourcecode.swift; path = Swinject.swift; sourceTree = "<group>"; };
		77CBCF042A09879A00BF1AB9 /* URLFormatter.swift */ = {isa = PBXFileReference; lastKnownFileType = sourcecode.swift; path = URLFormatter.swift; sourceTree = "<group>"; };
		77CBCF062A0987B800BF1AB9 /* PrivateDataLoader.swift */ = {isa = PBXFileReference; lastKnownFileType = sourcecode.swift; path = PrivateDataLoader.swift; sourceTree = "<group>"; };
		7E7EC6C86C450998D913A397 /* Pods-MovieDBApp-MovieDBAppUITests.debug.xcconfig */ = {isa = PBXFileReference; includeInIndex = 1; lastKnownFileType = text.xcconfig; name = "Pods-MovieDBApp-MovieDBAppUITests.debug.xcconfig"; path = "Target Support Files/Pods-MovieDBApp-MovieDBAppUITests/Pods-MovieDBApp-MovieDBAppUITests.debug.xcconfig"; sourceTree = "<group>"; };
		9D14DF5F21084E8E4E327579 /* Pods_MovieDBApp_MovieDBAppUITests.framework */ = {isa = PBXFileReference; explicitFileType = wrapper.framework; includeInIndex = 0; path = Pods_MovieDBApp_MovieDBAppUITests.framework; sourceTree = BUILT_PRODUCTS_DIR; };
		BD6B8FB4C47C0DA991F48F44 /* Pods-MovieDBApp.debug.xcconfig */ = {isa = PBXFileReference; includeInIndex = 1; lastKnownFileType = text.xcconfig; name = "Pods-MovieDBApp.debug.xcconfig"; path = "Target Support Files/Pods-MovieDBApp/Pods-MovieDBApp.debug.xcconfig"; sourceTree = "<group>"; };
/* End PBXFileReference section */

/* Begin PBXFrameworksBuildPhase section */
		7751F7732A06FA7200D32829 /* Frameworks */ = {
			isa = PBXFrameworksBuildPhase;
			buildActionMask = 2147483647;
			files = (
				841DFEBF43F29668D2E90120 /* Pods_MovieDBApp.framework in Frameworks */,
			);
			runOnlyForDeploymentPostprocessing = 0;
		};
		7751F7892A06FA7300D32829 /* Frameworks */ = {
			isa = PBXFrameworksBuildPhase;
			buildActionMask = 2147483647;
			files = (
				040F9C5E9DA96DFE52F7E5D5 /* Pods_MovieDBAppTests.framework in Frameworks */,
			);
			runOnlyForDeploymentPostprocessing = 0;
		};
		7751F7932A06FA7300D32829 /* Frameworks */ = {
			isa = PBXFrameworksBuildPhase;
			buildActionMask = 2147483647;
			files = (
				4049941460B2D7FEAEFC89BE /* Pods_MovieDBApp_MovieDBAppUITests.framework in Frameworks */,
			);
			runOnlyForDeploymentPostprocessing = 0;
		};
/* End PBXFrameworksBuildPhase section */

/* Begin PBXGroup section */
		0E4BF6BF9028A4F0AD1046B5 /* Pods */ = {
			isa = PBXGroup;
			children = (
				BD6B8FB4C47C0DA991F48F44 /* Pods-MovieDBApp.debug.xcconfig */,
				6AC4A0E2D1011574C21A4BE7 /* Pods-MovieDBApp.release.xcconfig */,
				7E7EC6C86C450998D913A397 /* Pods-MovieDBApp-MovieDBAppUITests.debug.xcconfig */,
				65C0696FAA2F9EC025936199 /* Pods-MovieDBApp-MovieDBAppUITests.release.xcconfig */,
				0D19F30C9BC3F00D4C36F3DD /* Pods-MovieDBAppTests.debug.xcconfig */,
				0D50108040CCCB41F2280A10 /* Pods-MovieDBAppTests.release.xcconfig */,
			);
			path = Pods;
			sourceTree = "<group>";
		};
		45ADF848C1BD7C6D65D9940F /* Frameworks */ = {
			isa = PBXGroup;
			children = (
				1C8FAAA20E45193BB5634B7B /* Pods_MovieDBApp.framework */,
				9D14DF5F21084E8E4E327579 /* Pods_MovieDBApp_MovieDBAppUITests.framework */,
				2D11A1D64D0590C03AFE7B0F /* Pods_MovieDBAppTests.framework */,
			);
			name = Frameworks;
			sourceTree = "<group>";
		};
		7722BE112A0992A2009E90AA /* Carousel */ = {
			isa = PBXGroup;
			children = (
				7722BE132A0992BA009E90AA /* ViewModel */,
				7722BE122A0992B5009E90AA /* View */,
			);
			path = Carousel;
			sourceTree = "<group>";
		};
		7722BE122A0992B5009E90AA /* View */ = {
			isa = PBXGroup;
			children = (
				7722BE142A0992CB009E90AA /* CarouselViewController.swift */,
				7722BE182A099355009E90AA /* CarouselFlowLayout.swift */,
				7722BE1A2A09938C009E90AA /* CarouselCell.swift */,
				7722BE512A2904B9009E90AA /* CarouselView.swift */,
			);
			path = View;
			sourceTree = "<group>";
		};
		7722BE132A0992BA009E90AA /* ViewModel */ = {
			isa = PBXGroup;
			children = (
				7722BE212A09948C009E90AA /* Entities.swift */,
				7722BE532A29092F009E90AA /* CarouselViewModel.swift */,
			);
			path = ViewModel;
			sourceTree = "<group>";
		};
		7722BE232A099644009E90AA /* DashboardContent */ = {
			isa = PBXGroup;
			children = (
				7722BE3A2A0A8C49009E90AA /* Provider */,
				7722BE252A099651009E90AA /* ViewModel */,
				7722BE242A09964D009E90AA /* View */,
			);
			path = DashboardContent;
			sourceTree = "<group>";
		};
		7722BE242A09964D009E90AA /* View */ = {
			isa = PBXGroup;
			children = (
				7722BE262A099661009E90AA /* DashboardContentViewController.swift */,
			);
			path = View;
			sourceTree = "<group>";
		};
		7722BE252A099651009E90AA /* ViewModel */ = {
			isa = PBXGroup;
			children = (
				7722BE282A09967F009E90AA /* DashboardContentViewModel.swift */,
				7722BE382A0A88D6009E90AA /* DashboardContentViewState.swift */,
			);
			path = ViewModel;
			sourceTree = "<group>";
		};
		7722BE2A2A0A7C89009E90AA /* Realm */ = {
			isa = PBXGroup;
			children = (
				7722BE2E2A0A7FB4009E90AA /* Errors */,
				7722BE2B2A0A7C9C009E90AA /* Model */,
			);
			path = Realm;
			sourceTree = "<group>";
		};
		7722BE2B2A0A7C9C009E90AA /* Model */ = {
			isa = PBXGroup;
			children = (
				7722BE2C2A0A7CA4009E90AA /* Genre.swift */,
			);
			path = Model;
			sourceTree = "<group>";
		};
		7722BE2E2A0A7FB4009E90AA /* Errors */ = {
			isa = PBXGroup;
			children = (
				7722BE2F2A0A7FBF009E90AA /* RealmError.swift */,
			);
			path = Errors;
			sourceTree = "<group>";
		};
		7722BE342A0A885B009E90AA /* ViewState */ = {
			isa = PBXGroup;
			children = (
				7722BE352A0A8865009E90AA /* ViewStateMachine.swift */,
			);
			path = ViewState;
			sourceTree = "<group>";
		};
		7722BE3A2A0A8C49009E90AA /* Provider */ = {
			isa = PBXGroup;
			children = (
				7722BE3B2A0A8C54009E90AA /* DashboardContentProvider.swift */,
			);
			path = Provider;
			sourceTree = "<group>";
		};
		7722BE3F2A0A929C009E90AA /* Media */ = {
			isa = PBXGroup;
			children = (
				7722BE402A0A92B1009E90AA /* ImageSizes.swift */,
			);
			path = Media;
			sourceTree = "<group>";
		};
		7722BE472A23B4B4009E90AA /* ShadowImageView */ = {
			isa = PBXGroup;
			children = (
				7722BE482A23B4C9009E90AA /* ShadowImageView.swift */,
			);
			path = ShadowImageView;
			sourceTree = "<group>";
		};
		7722BE4A2A23BE15009E90AA /* MovieDetails */ = {
			isa = PBXGroup;
			children = (
				7722BE4E2A23BE3C009E90AA /* ViewModel */,
				7722BE4B2A23BE1F009E90AA /* View */,
			);
			path = MovieDetails;
			sourceTree = "<group>";
		};
		7722BE4B2A23BE1F009E90AA /* View */ = {
			isa = PBXGroup;
			children = (
				7722BE4C2A23BE2F009E90AA /* MovieDetailsViewController.swift */,
			);
			path = View;
			sourceTree = "<group>";
		};
		7722BE4E2A23BE3C009E90AA /* ViewModel */ = {
			isa = PBXGroup;
			children = (
				7722BE4F2A23BE50009E90AA /* MovieDetailsViewModel.swift */,
			);
			path = ViewModel;
			sourceTree = "<group>";
		};
		7722BE552A290F15009E90AA /* Transitions */ = {
			isa = PBXGroup;
			children = (
				7722BE562A290F25009E90AA /* CustomTransition.swift */,
			);
			path = Transitions;
			sourceTree = "<group>";
		};
		7751C0402A07E30100692B04 /* TabBar */ = {
			isa = PBXGroup;
			children = (
				7751C0412A07E34500692B04 /* TabBarItem.swift */,
			);
			path = TabBar;
			sourceTree = "<group>";
		};
		7751C0452A07E3B200692B04 /* Extensions */ = {
			isa = PBXGroup;
			children = (
				77CBCED72A08295300BF1AB9 /* UIKit */,
				77CBCF022A09871600BF1AB9 /* Swinject.swift */,
				7722BE322A0A8638009E90AA /* Realm.swift */,
			);
			path = Extensions;
			sourceTree = "<group>";
		};
		7751F76D2A06FA7200D32829 = {
			isa = PBXGroup;
			children = (
				7751F7782A06FA7200D32829 /* MovieDBApp */,
				7751F78F2A06FA7300D32829 /* MovieDBAppTests */,
				7751F7992A06FA7300D32829 /* MovieDBAppUITests */,
				7751F7772A06FA7200D32829 /* Products */,
				0E4BF6BF9028A4F0AD1046B5 /* Pods */,
				45ADF848C1BD7C6D65D9940F /* Frameworks */,
			);
			sourceTree = "<group>";
		};
		7751F7772A06FA7200D32829 /* Products */ = {
			isa = PBXGroup;
			children = (
				7751F7762A06FA7200D32829 /* MovieDBApp.app */,
				7751F78C2A06FA7300D32829 /* MovieDBAppTests.xctest */,
				7751F7962A06FA7300D32829 /* MovieDBAppUITests.xctest */,
			);
			name = Products;
			sourceTree = "<group>";
		};
		7751F7782A06FA7200D32829 /* MovieDBApp */ = {
			isa = PBXGroup;
			children = (
				7722BE2A2A0A7C89009E90AA /* Realm */,
				77CBCEF22A095D8800BF1AB9 /* Utils */,
				77CBCEE22A093A7900BF1AB9 /* Networking */,
				77CBCEE12A091A5C00BF1AB9 /* Modules */,
				77CBCEE02A091A4800BF1AB9 /* AppCoordinator */,
				77CBCEDC2A08356800BF1AB9 /* UIComponents */,
				7751C0452A07E3B200692B04 /* Extensions */,
				7751F7792A06FA7200D32829 /* AppDelegate.swift */,
				7751F77B2A06FA7200D32829 /* SceneDelegate.swift */,
				7751F7822A06FA7300D32829 /* Assets.xcassets */,
				7751F7842A06FA7300D32829 /* LaunchScreen.storyboard */,
				7751F7872A06FA7300D32829 /* Info.plist */,
			);
			path = MovieDBApp;
			sourceTree = "<group>";
		};
		7751F78F2A06FA7300D32829 /* MovieDBAppTests */ = {
			isa = PBXGroup;
			children = (
				7751F7902A06FA7300D32829 /* MovieDBAppTests.swift */,
			);
			path = MovieDBAppTests;
			sourceTree = "<group>";
		};
		7751F7992A06FA7300D32829 /* MovieDBAppUITests */ = {
			isa = PBXGroup;
			children = (
				7751F79A2A06FA7300D32829 /* MovieDBAppUITests.swift */,
				7751F79C2A06FA7300D32829 /* MovieDBAppUITestsLaunchTests.swift */,
			);
			path = MovieDBAppUITests;
			sourceTree = "<group>";
		};
		77CBCECB2A07EAFF00BF1AB9 /* Dashboard */ = {
			isa = PBXGroup;
			children = (
				7722BE232A099644009E90AA /* DashboardContent */,
				77CBCEFF2A0960CA00BF1AB9 /* Services */,
				77CBCED22A0827F800BF1AB9 /* ViewFactory */,
				77CBCECF2A08279A00BF1AB9 /* ViewModel */,
				77CBCECE2A08279600BF1AB9 /* View */,
				77CBCECC2A07EB2C00BF1AB9 /* DashboardCoordinator.swift */,
			);
			path = Dashboard;
			sourceTree = "<group>";
		};
		77CBCECE2A08279600BF1AB9 /* View */ = {
			isa = PBXGroup;
			children = (
				77CBCED52A0828CB00BF1AB9 /* DashboardViewController.swift */,
			);
			path = View;
			sourceTree = "<group>";
		};
		77CBCECF2A08279A00BF1AB9 /* ViewModel */ = {
			isa = PBXGroup;
			children = (
				77CBCED02A0827AE00BF1AB9 /* DashboardSegment.swift */,
				77CBCEDA2A0829D000BF1AB9 /* DashboardViewModel.swift */,
			);
			path = ViewModel;
			sourceTree = "<group>";
		};
		77CBCED22A0827F800BF1AB9 /* ViewFactory */ = {
			isa = PBXGroup;
			children = (
				77CBCED32A08280300BF1AB9 /* DashboardViewFactory.swift */,
			);
			path = ViewFactory;
			sourceTree = "<group>";
		};
		77CBCED72A08295300BF1AB9 /* UIKit */ = {
			isa = PBXGroup;
			children = (
				7751C0462A07E3E300692B04 /* UIColor.swift */,
				77CBCED82A08296500BF1AB9 /* MVVMViewController.swift */,
				7722BE1C2A0993C2009E90AA /* CALayer.swift */,
				7722BE1E2A09941C009E90AA /* UICollectionView.swift */,
				7722BE582A2917D2009E90AA /* UINavigationController.swift */,
			);
			path = UIKit;
			sourceTree = "<group>";
		};
		77CBCEDC2A08356800BF1AB9 /* UIComponents */ = {
			isa = PBXGroup;
			children = (
				7722BE552A290F15009E90AA /* Transitions */,
				7722BE472A23B4B4009E90AA /* ShadowImageView */,
				7722BE112A0992A2009E90AA /* Carousel */,
				7751C0402A07E30100692B04 /* TabBar */,
				77CBCEDD2A08358400BF1AB9 /* MySegmentedPicker */,
			);
			path = UIComponents;
			sourceTree = "<group>";
		};
		77CBCEDD2A08358400BF1AB9 /* MySegmentedPicker */ = {
			isa = PBXGroup;
			children = (
				77CBCEDE2A0835C900BF1AB9 /* MySegmentedPicker.swift */,
			);
			path = MySegmentedPicker;
			sourceTree = "<group>";
		};
		77CBCEE02A091A4800BF1AB9 /* AppCoordinator */ = {
			isa = PBXGroup;
			children = (
				7751C03C2A07E1AD00692B04 /* Coordinator.swift */,
				7751C0382A07E16800692B04 /* AppCoordinator.swift */,
			);
			path = AppCoordinator;
			sourceTree = "<group>";
		};
		77CBCEE12A091A5C00BF1AB9 /* Modules */ = {
			isa = PBXGroup;
			children = (
				7722BE4A2A23BE15009E90AA /* MovieDetails */,
				77CBCECB2A07EAFF00BF1AB9 /* Dashboard */,
			);
			path = Modules;
			sourceTree = "<group>";
		};
		77CBCEE22A093A7900BF1AB9 /* Networking */ = {
			isa = PBXGroup;
			children = (
				77CBCEFC2A095E7600BF1AB9 /* Requests */,
				77CBCEE92A095CBD00BF1AB9 /* RequestConfiguration */,
				77CBCEE32A093AC300BF1AB9 /* NetworkAgent.swift */,
				77CBCEE52A095C2600BF1AB9 /* Errors.swift */,
			);
			path = Networking;
			sourceTree = "<group>";
		};
		77CBCEE92A095CBD00BF1AB9 /* RequestConfiguration */ = {
			isa = PBXGroup;
			children = (
				77CBCEF62A095E3500BF1AB9 /* APIEndpoints.plist */,
				77CBCEF72A095E3500BF1AB9 /* BaseURLs.plist */,
				77CBCEF82A095E3500BF1AB9 /* Private.plist */,
				77CBCEEA2A095CDA00BF1AB9 /* RequestNetworkConfiguration.swift */,
				77CBCEEC2A095D1100BF1AB9 /* EndpointStorage.swift */,
				77CBCEEE2A095D4900BF1AB9 /* EndpointsLoader.swift */,
				77CBCEF02A095D6E00BF1AB9 /* BaseURLLoader.swift */,
			);
			path = RequestConfiguration;
			sourceTree = "<group>";
		};
		77CBCEF22A095D8800BF1AB9 /* Utils */ = {
			isa = PBXGroup;
			children = (
				7722BE3F2A0A929C009E90AA /* Media */,
				7722BE342A0A885B009E90AA /* ViewState */,
				77CBCEF32A095D9000BF1AB9 /* Plist */,
				77CBCF042A09879A00BF1AB9 /* URLFormatter.swift */,
			);
			path = Utils;
			sourceTree = "<group>";
		};
		77CBCEF32A095D9000BF1AB9 /* Plist */ = {
			isa = PBXGroup;
			children = (
				77CBCEF42A095DB300BF1AB9 /* PlistLoader.swift */,
				77CBCF062A0987B800BF1AB9 /* PrivateDataLoader.swift */,
			);
			path = Plist;
			sourceTree = "<group>";
		};
		77CBCEFC2A095E7600BF1AB9 /* Requests */ = {
			isa = PBXGroup;
			children = (
				77CBCEE72A095C5200BF1AB9 /* DataRequest.swift */,
				77CBCEFD2A095ED800BF1AB9 /* GetGenresRequest.swift */,
				7722BE3D2A0A8DEF009E90AA /* GetMoviesRequest.swift */,
			);
			path = Requests;
			sourceTree = "<group>";
		};
		77CBCEFF2A0960CA00BF1AB9 /* Services */ = {
			isa = PBXGroup;
			children = (
				7722BE432A0A9756009E90AA /* ImageService.swift */,
				77CBCF002A0960E300BF1AB9 /* GenresService.swift */,
				7722BE452A0A9ED0009E90AA /* PopularMoviesService.swift */,
			);
			path = Services;
			sourceTree = "<group>";
		};
/* End PBXGroup section */

/* Begin PBXNativeTarget section */
		7751F7752A06FA7200D32829 /* MovieDBApp */ = {
			isa = PBXNativeTarget;
			buildConfigurationList = 7751F7A02A06FA7300D32829 /* Build configuration list for PBXNativeTarget "MovieDBApp" */;
			buildPhases = (
				54AE90D4F56E151A588DF956 /* [CP] Check Pods Manifest.lock */,
				7751F7722A06FA7200D32829 /* Sources */,
				7751F7732A06FA7200D32829 /* Frameworks */,
				7751F7742A06FA7200D32829 /* Resources */,
				7751C0372A070A6300692B04 /* ShellScript */,
				37B3A18467D11FBFC425F81D /* [CP] Embed Pods Frameworks */,
			);
			buildRules = (
			);
			dependencies = (
			);
			name = MovieDBApp;
			productName = MovieDBApp;
			productReference = 7751F7762A06FA7200D32829 /* MovieDBApp.app */;
			productType = "com.apple.product-type.application";
		};
		7751F78B2A06FA7300D32829 /* MovieDBAppTests */ = {
			isa = PBXNativeTarget;
			buildConfigurationList = 7751F7A32A06FA7300D32829 /* Build configuration list for PBXNativeTarget "MovieDBAppTests" */;
			buildPhases = (
				05DFC73203B794A6429917A9 /* [CP] Check Pods Manifest.lock */,
				7751F7882A06FA7300D32829 /* Sources */,
				7751F7892A06FA7300D32829 /* Frameworks */,
				7751F78A2A06FA7300D32829 /* Resources */,
			);
			buildRules = (
			);
			dependencies = (
				7751F78E2A06FA7300D32829 /* PBXTargetDependency */,
			);
			name = MovieDBAppTests;
			productName = MovieDBAppTests;
			productReference = 7751F78C2A06FA7300D32829 /* MovieDBAppTests.xctest */;
			productType = "com.apple.product-type.bundle.unit-test";
		};
		7751F7952A06FA7300D32829 /* MovieDBAppUITests */ = {
			isa = PBXNativeTarget;
			buildConfigurationList = 7751F7A62A06FA7300D32829 /* Build configuration list for PBXNativeTarget "MovieDBAppUITests" */;
			buildPhases = (
				AE0B9DA571227685F67BC676 /* [CP] Check Pods Manifest.lock */,
				7751F7922A06FA7300D32829 /* Sources */,
				7751F7932A06FA7300D32829 /* Frameworks */,
				7751F7942A06FA7300D32829 /* Resources */,
				4C452DB65D5E58D64E815063 /* [CP] Embed Pods Frameworks */,
			);
			buildRules = (
			);
			dependencies = (
				7751F7982A06FA7300D32829 /* PBXTargetDependency */,
			);
			name = MovieDBAppUITests;
			productName = MovieDBAppUITests;
			productReference = 7751F7962A06FA7300D32829 /* MovieDBAppUITests.xctest */;
			productType = "com.apple.product-type.bundle.ui-testing";
		};
/* End PBXNativeTarget section */

/* Begin PBXProject section */
		7751F76E2A06FA7200D32829 /* Project object */ = {
			isa = PBXProject;
			attributes = {
				BuildIndependentTargetsInParallel = 1;
				LastSwiftUpdateCheck = 1430;
				LastUpgradeCheck = 1430;
				TargetAttributes = {
					7751F7752A06FA7200D32829 = {
						CreatedOnToolsVersion = 14.3;
					};
					7751F78B2A06FA7300D32829 = {
						CreatedOnToolsVersion = 14.3;
						TestTargetID = 7751F7752A06FA7200D32829;
					};
					7751F7952A06FA7300D32829 = {
						CreatedOnToolsVersion = 14.3;
						TestTargetID = 7751F7752A06FA7200D32829;
					};
				};
			};
			buildConfigurationList = 7751F7712A06FA7200D32829 /* Build configuration list for PBXProject "MovieDBApp" */;
			compatibilityVersion = "Xcode 14.0";
			developmentRegion = en;
			hasScannedForEncodings = 0;
			knownRegions = (
				en,
				Base,
			);
			mainGroup = 7751F76D2A06FA7200D32829;
			productRefGroup = 7751F7772A06FA7200D32829 /* Products */;
			projectDirPath = "";
			projectRoot = "";
			targets = (
				7751F7752A06FA7200D32829 /* MovieDBApp */,
				7751F78B2A06FA7300D32829 /* MovieDBAppTests */,
				7751F7952A06FA7300D32829 /* MovieDBAppUITests */,
			);
		};
/* End PBXProject section */

/* Begin PBXResourcesBuildPhase section */
		7751F7742A06FA7200D32829 /* Resources */ = {
			isa = PBXResourcesBuildPhase;
			buildActionMask = 2147483647;
			files = (
				7751F7862A06FA7300D32829 /* LaunchScreen.storyboard in Resources */,
				77CBCEFA2A095E3500BF1AB9 /* BaseURLs.plist in Resources */,
				77CBCEFB2A095E3500BF1AB9 /* Private.plist in Resources */,
				7751F7832A06FA7300D32829 /* Assets.xcassets in Resources */,
				77CBCEF92A095E3500BF1AB9 /* APIEndpoints.plist in Resources */,
			);
			runOnlyForDeploymentPostprocessing = 0;
		};
		7751F78A2A06FA7300D32829 /* Resources */ = {
			isa = PBXResourcesBuildPhase;
			buildActionMask = 2147483647;
			files = (
			);
			runOnlyForDeploymentPostprocessing = 0;
		};
		7751F7942A06FA7300D32829 /* Resources */ = {
			isa = PBXResourcesBuildPhase;
			buildActionMask = 2147483647;
			files = (
			);
			runOnlyForDeploymentPostprocessing = 0;
		};
/* End PBXResourcesBuildPhase section */

/* Begin PBXShellScriptBuildPhase section */
		05DFC73203B794A6429917A9 /* [CP] Check Pods Manifest.lock */ = {
			isa = PBXShellScriptBuildPhase;
			buildActionMask = 2147483647;
			files = (
			);
			inputFileListPaths = (
			);
			inputPaths = (
				"${PODS_PODFILE_DIR_PATH}/Podfile.lock",
				"${PODS_ROOT}/Manifest.lock",
			);
			name = "[CP] Check Pods Manifest.lock";
			outputFileListPaths = (
			);
			outputPaths = (
				"$(DERIVED_FILE_DIR)/Pods-MovieDBAppTests-checkManifestLockResult.txt",
			);
			runOnlyForDeploymentPostprocessing = 0;
			shellPath = /bin/sh;
			shellScript = "diff \"${PODS_PODFILE_DIR_PATH}/Podfile.lock\" \"${PODS_ROOT}/Manifest.lock\" > /dev/null\nif [ $? != 0 ] ; then\n    # print error to STDERR\n    echo \"error: The sandbox is not in sync with the Podfile.lock. Run 'pod install' or update your CocoaPods installation.\" >&2\n    exit 1\nfi\n# This output is used by Xcode 'outputs' to avoid re-running this script phase.\necho \"SUCCESS\" > \"${SCRIPT_OUTPUT_FILE_0}\"\n";
			showEnvVarsInLog = 0;
		};
		37B3A18467D11FBFC425F81D /* [CP] Embed Pods Frameworks */ = {
			isa = PBXShellScriptBuildPhase;
			buildActionMask = 2147483647;
			files = (
			);
			inputFileListPaths = (
				"${PODS_ROOT}/Target Support Files/Pods-MovieDBApp/Pods-MovieDBApp-frameworks-${CONFIGURATION}-input-files.xcfilelist",
			);
			name = "[CP] Embed Pods Frameworks";
			outputFileListPaths = (
				"${PODS_ROOT}/Target Support Files/Pods-MovieDBApp/Pods-MovieDBApp-frameworks-${CONFIGURATION}-output-files.xcfilelist",
			);
			runOnlyForDeploymentPostprocessing = 0;
			shellPath = /bin/sh;
			shellScript = "\"${PODS_ROOT}/Target Support Files/Pods-MovieDBApp/Pods-MovieDBApp-frameworks.sh\"\n";
			showEnvVarsInLog = 0;
		};
		4C452DB65D5E58D64E815063 /* [CP] Embed Pods Frameworks */ = {
			isa = PBXShellScriptBuildPhase;
			buildActionMask = 2147483647;
			files = (
			);
			inputFileListPaths = (
				"${PODS_ROOT}/Target Support Files/Pods-MovieDBApp-MovieDBAppUITests/Pods-MovieDBApp-MovieDBAppUITests-frameworks-${CONFIGURATION}-input-files.xcfilelist",
			);
			name = "[CP] Embed Pods Frameworks";
			outputFileListPaths = (
				"${PODS_ROOT}/Target Support Files/Pods-MovieDBApp-MovieDBAppUITests/Pods-MovieDBApp-MovieDBAppUITests-frameworks-${CONFIGURATION}-output-files.xcfilelist",
			);
			runOnlyForDeploymentPostprocessing = 0;
			shellPath = /bin/sh;
			shellScript = "\"${PODS_ROOT}/Target Support Files/Pods-MovieDBApp-MovieDBAppUITests/Pods-MovieDBApp-MovieDBAppUITests-frameworks.sh\"\n";
			showEnvVarsInLog = 0;
		};
		54AE90D4F56E151A588DF956 /* [CP] Check Pods Manifest.lock */ = {
			isa = PBXShellScriptBuildPhase;
			buildActionMask = 2147483647;
			files = (
			);
			inputFileListPaths = (
			);
			inputPaths = (
				"${PODS_PODFILE_DIR_PATH}/Podfile.lock",
				"${PODS_ROOT}/Manifest.lock",
			);
			name = "[CP] Check Pods Manifest.lock";
			outputFileListPaths = (
			);
			outputPaths = (
				"$(DERIVED_FILE_DIR)/Pods-MovieDBApp-checkManifestLockResult.txt",
			);
			runOnlyForDeploymentPostprocessing = 0;
			shellPath = /bin/sh;
			shellScript = "diff \"${PODS_PODFILE_DIR_PATH}/Podfile.lock\" \"${PODS_ROOT}/Manifest.lock\" > /dev/null\nif [ $? != 0 ] ; then\n    # print error to STDERR\n    echo \"error: The sandbox is not in sync with the Podfile.lock. Run 'pod install' or update your CocoaPods installation.\" >&2\n    exit 1\nfi\n# This output is used by Xcode 'outputs' to avoid re-running this script phase.\necho \"SUCCESS\" > \"${SCRIPT_OUTPUT_FILE_0}\"\n";
			showEnvVarsInLog = 0;
		};
		7751C0372A070A6300692B04 /* ShellScript */ = {
			isa = PBXShellScriptBuildPhase;
			alwaysOutOfDate = 1;
			buildActionMask = 2147483647;
			files = (
			);
			inputFileListPaths = (
			);
			inputPaths = (
			);
			outputFileListPaths = (
			);
			outputPaths = (
			);
			runOnlyForDeploymentPostprocessing = 0;
			shellPath = /bin/sh;
			shellScript = "\"${PODS_ROOT}/SwiftLint/swiftlint\"\n";
		};
		AE0B9DA571227685F67BC676 /* [CP] Check Pods Manifest.lock */ = {
			isa = PBXShellScriptBuildPhase;
			buildActionMask = 2147483647;
			files = (
			);
			inputFileListPaths = (
			);
			inputPaths = (
				"${PODS_PODFILE_DIR_PATH}/Podfile.lock",
				"${PODS_ROOT}/Manifest.lock",
			);
			name = "[CP] Check Pods Manifest.lock";
			outputFileListPaths = (
			);
			outputPaths = (
				"$(DERIVED_FILE_DIR)/Pods-MovieDBApp-MovieDBAppUITests-checkManifestLockResult.txt",
			);
			runOnlyForDeploymentPostprocessing = 0;
			shellPath = /bin/sh;
			shellScript = "diff \"${PODS_PODFILE_DIR_PATH}/Podfile.lock\" \"${PODS_ROOT}/Manifest.lock\" > /dev/null\nif [ $? != 0 ] ; then\n    # print error to STDERR\n    echo \"error: The sandbox is not in sync with the Podfile.lock. Run 'pod install' or update your CocoaPods installation.\" >&2\n    exit 1\nfi\n# This output is used by Xcode 'outputs' to avoid re-running this script phase.\necho \"SUCCESS\" > \"${SCRIPT_OUTPUT_FILE_0}\"\n";
			showEnvVarsInLog = 0;
		};
/* End PBXShellScriptBuildPhase section */

/* Begin PBXSourcesBuildPhase section */
		7751F7722A06FA7200D32829 /* Sources */ = {
			isa = PBXSourcesBuildPhase;
			buildActionMask = 2147483647;
			files = (
				77CBCF072A0987B800BF1AB9 /* PrivateDataLoader.swift in Sources */,
				77CBCF032A09871600BF1AB9 /* Swinject.swift in Sources */,
				7751C0422A07E34500692B04 /* TabBarItem.swift in Sources */,
				7722BE492A23B4C9009E90AA /* ShadowImageView.swift in Sources */,
				77CBCEE62A095C2600BF1AB9 /* Errors.swift in Sources */,
				77CBCED12A0827AE00BF1AB9 /* DashboardSegment.swift in Sources */,
				7722BE272A099661009E90AA /* DashboardContentViewController.swift in Sources */,
				77CBCECD2A07EB2C00BF1AB9 /* DashboardCoordinator.swift in Sources */,
				7751C0472A07E3E300692B04 /* UIColor.swift in Sources */,
				7722BE152A0992CB009E90AA /* CarouselViewController.swift in Sources */,
				7722BE1B2A09938C009E90AA /* CarouselCell.swift in Sources */,
				7722BE362A0A8865009E90AA /* ViewStateMachine.swift in Sources */,
				7751C0392A07E16800692B04 /* AppCoordinator.swift in Sources */,
				77CBCED42A08280300BF1AB9 /* DashboardViewFactory.swift in Sources */,
				7722BE4D2A23BE2F009E90AA /* MovieDetailsViewController.swift in Sources */,
				7722BE592A2917D2009E90AA /* UINavigationController.swift in Sources */,
				7722BE542A29092F009E90AA /* CarouselViewModel.swift in Sources */,
				77CBCF052A09879A00BF1AB9 /* URLFormatter.swift in Sources */,
				7722BE442A0A9756009E90AA /* ImageService.swift in Sources */,
				77CBCEEB2A095CDA00BF1AB9 /* RequestNetworkConfiguration.swift in Sources */,
				77CBCEFE2A095ED800BF1AB9 /* GetGenresRequest.swift in Sources */,
				7751C03D2A07E1AD00692B04 /* Coordinator.swift in Sources */,
				7722BE2D2A0A7CA4009E90AA /* Genre.swift in Sources */,
				77CBCEDF2A0835C900BF1AB9 /* MySegmentedPicker.swift in Sources */,
				7722BE522A2904B9009E90AA /* CarouselView.swift in Sources */,
				7722BE392A0A88D6009E90AA /* DashboardContentViewState.swift in Sources */,
				77CBCED92A08296500BF1AB9 /* MVVMViewController.swift in Sources */,
				77CBCEF12A095D6E00BF1AB9 /* BaseURLLoader.swift in Sources */,
				77CBCED62A0828CB00BF1AB9 /* DashboardViewController.swift in Sources */,
				77CBCEF52A095DB300BF1AB9 /* PlistLoader.swift in Sources */,
				7722BE222A09948C009E90AA /* Entities.swift in Sources */,
				7722BE192A099355009E90AA /* CarouselFlowLayout.swift in Sources */,
				7722BE3E2A0A8DEF009E90AA /* GetMoviesRequest.swift in Sources */,
				7722BE1F2A09941C009E90AA /* UICollectionView.swift in Sources */,
				77CBCEED2A095D1100BF1AB9 /* EndpointStorage.swift in Sources */,
				7722BE302A0A7FBF009E90AA /* RealmError.swift in Sources */,
				77CBCEDB2A0829D000BF1AB9 /* DashboardViewModel.swift in Sources */,
				7722BE502A23BE50009E90AA /* MovieDetailsViewModel.swift in Sources */,
				7722BE462A0A9ED0009E90AA /* PopularMoviesService.swift in Sources */,
				7751F77A2A06FA7200D32829 /* AppDelegate.swift in Sources */,
				7722BE3C2A0A8C54009E90AA /* DashboardContentProvider.swift in Sources */,
				77CBCEEF2A095D4900BF1AB9 /* EndpointsLoader.swift in Sources */,
				77CBCEE42A093AC300BF1AB9 /* NetworkAgent.swift in Sources */,
				7751F77C2A06FA7200D32829 /* SceneDelegate.swift in Sources */,
				7722BE412A0A92B1009E90AA /* ImageSizes.swift in Sources */,
				77CBCF012A0960E300BF1AB9 /* GenresService.swift in Sources */,
				7722BE292A09967F009E90AA /* DashboardContentViewModel.swift in Sources */,
				7722BE1D2A0993C2009E90AA /* CALayer.swift in Sources */,
				7722BE572A290F25009E90AA /* CustomTransition.swift in Sources */,
				7722BE332A0A8638009E90AA /* Realm.swift in Sources */,
				77CBCEE82A095C5200BF1AB9 /* DataRequest.swift in Sources */,
			);
			runOnlyForDeploymentPostprocessing = 0;
		};
		7751F7882A06FA7300D32829 /* Sources */ = {
			isa = PBXSourcesBuildPhase;
			buildActionMask = 2147483647;
			files = (
				7751C03A2A07E16800692B04 /* AppCoordinator.swift in Sources */,
				7751F7912A06FA7300D32829 /* MovieDBAppTests.swift in Sources */,
				7751C0432A07E34500692B04 /* TabBarItem.swift in Sources */,
				7751C03E2A07E1AD00692B04 /* Coordinator.swift in Sources */,
				7751C0482A07E3E300692B04 /* UIColor.swift in Sources */,
			);
			runOnlyForDeploymentPostprocessing = 0;
		};
		7751F7922A06FA7300D32829 /* Sources */ = {
			isa = PBXSourcesBuildPhase;
			buildActionMask = 2147483647;
			files = (
				7751C03F2A07E1AD00692B04 /* Coordinator.swift in Sources */,
				7751C0492A07E3E300692B04 /* UIColor.swift in Sources */,
				7751C03B2A07E16800692B04 /* AppCoordinator.swift in Sources */,
				7751C0442A07E34500692B04 /* TabBarItem.swift in Sources */,
				7751F79B2A06FA7300D32829 /* MovieDBAppUITests.swift in Sources */,
				7751F79D2A06FA7300D32829 /* MovieDBAppUITestsLaunchTests.swift in Sources */,
			);
			runOnlyForDeploymentPostprocessing = 0;
		};
/* End PBXSourcesBuildPhase section */

/* Begin PBXTargetDependency section */
		7751F78E2A06FA7300D32829 /* PBXTargetDependency */ = {
			isa = PBXTargetDependency;
			target = 7751F7752A06FA7200D32829 /* MovieDBApp */;
			targetProxy = 7751F78D2A06FA7300D32829 /* PBXContainerItemProxy */;
		};
		7751F7982A06FA7300D32829 /* PBXTargetDependency */ = {
			isa = PBXTargetDependency;
			target = 7751F7752A06FA7200D32829 /* MovieDBApp */;
			targetProxy = 7751F7972A06FA7300D32829 /* PBXContainerItemProxy */;
		};
/* End PBXTargetDependency section */

/* Begin PBXVariantGroup section */
		7751F7842A06FA7300D32829 /* LaunchScreen.storyboard */ = {
			isa = PBXVariantGroup;
			children = (
				7751F7852A06FA7300D32829 /* Base */,
			);
			name = LaunchScreen.storyboard;
			sourceTree = "<group>";
		};
/* End PBXVariantGroup section */

/* Begin XCBuildConfiguration section */
		7751F79E2A06FA7300D32829 /* Debug */ = {
			isa = XCBuildConfiguration;
			buildSettings = {
				ALWAYS_SEARCH_USER_PATHS = NO;
				CLANG_ANALYZER_NONNULL = YES;
				CLANG_ANALYZER_NUMBER_OBJECT_CONVERSION = YES_AGGRESSIVE;
				CLANG_CXX_LANGUAGE_STANDARD = "gnu++20";
				CLANG_ENABLE_MODULES = YES;
				CLANG_ENABLE_OBJC_ARC = YES;
				CLANG_ENABLE_OBJC_WEAK = YES;
				CLANG_WARN_BLOCK_CAPTURE_AUTORELEASING = YES;
				CLANG_WARN_BOOL_CONVERSION = YES;
				CLANG_WARN_COMMA = YES;
				CLANG_WARN_CONSTANT_CONVERSION = YES;
				CLANG_WARN_DEPRECATED_OBJC_IMPLEMENTATIONS = YES;
				CLANG_WARN_DIRECT_OBJC_ISA_USAGE = YES_ERROR;
				CLANG_WARN_DOCUMENTATION_COMMENTS = YES;
				CLANG_WARN_EMPTY_BODY = YES;
				CLANG_WARN_ENUM_CONVERSION = YES;
				CLANG_WARN_INFINITE_RECURSION = YES;
				CLANG_WARN_INT_CONVERSION = YES;
				CLANG_WARN_NON_LITERAL_NULL_CONVERSION = YES;
				CLANG_WARN_OBJC_IMPLICIT_RETAIN_SELF = YES;
				CLANG_WARN_OBJC_LITERAL_CONVERSION = YES;
				CLANG_WARN_OBJC_ROOT_CLASS = YES_ERROR;
				CLANG_WARN_QUOTED_INCLUDE_IN_FRAMEWORK_HEADER = YES;
				CLANG_WARN_RANGE_LOOP_ANALYSIS = YES;
				CLANG_WARN_STRICT_PROTOTYPES = YES;
				CLANG_WARN_SUSPICIOUS_MOVE = YES;
				CLANG_WARN_UNGUARDED_AVAILABILITY = YES_AGGRESSIVE;
				CLANG_WARN_UNREACHABLE_CODE = YES;
				CLANG_WARN__DUPLICATE_METHOD_MATCH = YES;
				COPY_PHASE_STRIP = NO;
				DEBUG_INFORMATION_FORMAT = dwarf;
				ENABLE_STRICT_OBJC_MSGSEND = YES;
				ENABLE_TESTABILITY = YES;
				GCC_C_LANGUAGE_STANDARD = gnu11;
				GCC_DYNAMIC_NO_PIC = NO;
				GCC_NO_COMMON_BLOCKS = YES;
				GCC_OPTIMIZATION_LEVEL = 0;
				GCC_PREPROCESSOR_DEFINITIONS = (
					"DEBUG=1",
					"$(inherited)",
				);
				GCC_WARN_64_TO_32_BIT_CONVERSION = YES;
				GCC_WARN_ABOUT_RETURN_TYPE = YES_ERROR;
				GCC_WARN_UNDECLARED_SELECTOR = YES;
				GCC_WARN_UNINITIALIZED_AUTOS = YES_AGGRESSIVE;
				GCC_WARN_UNUSED_FUNCTION = YES;
				GCC_WARN_UNUSED_VARIABLE = YES;
				IPHONEOS_DEPLOYMENT_TARGET = 16.4;
				MTL_ENABLE_DEBUG_INFO = INCLUDE_SOURCE;
				MTL_FAST_MATH = YES;
				ONLY_ACTIVE_ARCH = YES;
				SDKROOT = iphoneos;
				SWIFT_ACTIVE_COMPILATION_CONDITIONS = DEBUG;
				SWIFT_OPTIMIZATION_LEVEL = "-Onone";
			};
			name = Debug;
		};
		7751F79F2A06FA7300D32829 /* Release */ = {
			isa = XCBuildConfiguration;
			buildSettings = {
				ALWAYS_SEARCH_USER_PATHS = NO;
				CLANG_ANALYZER_NONNULL = YES;
				CLANG_ANALYZER_NUMBER_OBJECT_CONVERSION = YES_AGGRESSIVE;
				CLANG_CXX_LANGUAGE_STANDARD = "gnu++20";
				CLANG_ENABLE_MODULES = YES;
				CLANG_ENABLE_OBJC_ARC = YES;
				CLANG_ENABLE_OBJC_WEAK = YES;
				CLANG_WARN_BLOCK_CAPTURE_AUTORELEASING = YES;
				CLANG_WARN_BOOL_CONVERSION = YES;
				CLANG_WARN_COMMA = YES;
				CLANG_WARN_CONSTANT_CONVERSION = YES;
				CLANG_WARN_DEPRECATED_OBJC_IMPLEMENTATIONS = YES;
				CLANG_WARN_DIRECT_OBJC_ISA_USAGE = YES_ERROR;
				CLANG_WARN_DOCUMENTATION_COMMENTS = YES;
				CLANG_WARN_EMPTY_BODY = YES;
				CLANG_WARN_ENUM_CONVERSION = YES;
				CLANG_WARN_INFINITE_RECURSION = YES;
				CLANG_WARN_INT_CONVERSION = YES;
				CLANG_WARN_NON_LITERAL_NULL_CONVERSION = YES;
				CLANG_WARN_OBJC_IMPLICIT_RETAIN_SELF = YES;
				CLANG_WARN_OBJC_LITERAL_CONVERSION = YES;
				CLANG_WARN_OBJC_ROOT_CLASS = YES_ERROR;
				CLANG_WARN_QUOTED_INCLUDE_IN_FRAMEWORK_HEADER = YES;
				CLANG_WARN_RANGE_LOOP_ANALYSIS = YES;
				CLANG_WARN_STRICT_PROTOTYPES = YES;
				CLANG_WARN_SUSPICIOUS_MOVE = YES;
				CLANG_WARN_UNGUARDED_AVAILABILITY = YES_AGGRESSIVE;
				CLANG_WARN_UNREACHABLE_CODE = YES;
				CLANG_WARN__DUPLICATE_METHOD_MATCH = YES;
				COPY_PHASE_STRIP = NO;
				DEBUG_INFORMATION_FORMAT = "dwarf-with-dsym";
				ENABLE_NS_ASSERTIONS = NO;
				ENABLE_STRICT_OBJC_MSGSEND = YES;
				GCC_C_LANGUAGE_STANDARD = gnu11;
				GCC_NO_COMMON_BLOCKS = YES;
				GCC_WARN_64_TO_32_BIT_CONVERSION = YES;
				GCC_WARN_ABOUT_RETURN_TYPE = YES_ERROR;
				GCC_WARN_UNDECLARED_SELECTOR = YES;
				GCC_WARN_UNINITIALIZED_AUTOS = YES_AGGRESSIVE;
				GCC_WARN_UNUSED_FUNCTION = YES;
				GCC_WARN_UNUSED_VARIABLE = YES;
				IPHONEOS_DEPLOYMENT_TARGET = 16.4;
				MTL_ENABLE_DEBUG_INFO = NO;
				MTL_FAST_MATH = YES;
				SDKROOT = iphoneos;
				SWIFT_COMPILATION_MODE = wholemodule;
				SWIFT_OPTIMIZATION_LEVEL = "-O";
				VALIDATE_PRODUCT = YES;
			};
			name = Release;
		};
		7751F7A12A06FA7300D32829 /* Debug */ = {
			isa = XCBuildConfiguration;
			baseConfigurationReference = BD6B8FB4C47C0DA991F48F44 /* Pods-MovieDBApp.debug.xcconfig */;
			buildSettings = {
				ASSETCATALOG_COMPILER_APPICON_NAME = AppIcon;
				ASSETCATALOG_COMPILER_GLOBAL_ACCENT_COLOR_NAME = AccentColor;
				CODE_SIGN_STYLE = Automatic;
				CURRENT_PROJECT_VERSION = 1;
				DEVELOPMENT_TEAM = 5UH57CWJCK;
				GENERATE_INFOPLIST_FILE = YES;
				INFOPLIST_FILE = MovieDBApp/Info.plist;
				INFOPLIST_KEY_UIApplicationSupportsIndirectInputEvents = YES;
				INFOPLIST_KEY_UILaunchStoryboardName = LaunchScreen;
				INFOPLIST_KEY_UIMainStoryboardFile = "";
				INFOPLIST_KEY_UISupportedInterfaceOrientations_iPad = "UIInterfaceOrientationPortrait UIInterfaceOrientationPortraitUpsideDown UIInterfaceOrientationLandscapeLeft UIInterfaceOrientationLandscapeRight";
				INFOPLIST_KEY_UISupportedInterfaceOrientations_iPhone = "UIInterfaceOrientationPortrait UIInterfaceOrientationLandscapeLeft UIInterfaceOrientationLandscapeRight";
				LD_RUNPATH_SEARCH_PATHS = (
					"$(inherited)",
					"@executable_path/Frameworks",
				);
				MARKETING_VERSION = 1.0;
				PRODUCT_BUNDLE_IDENTIFIER = com.alekseyklyonov.MovieDBApp;
				PRODUCT_NAME = "$(TARGET_NAME)";
				SWIFT_EMIT_LOC_STRINGS = YES;
				SWIFT_VERSION = 5.0;
				TARGETED_DEVICE_FAMILY = "1,2";
			};
			name = Debug;
		};
		7751F7A22A06FA7300D32829 /* Release */ = {
			isa = XCBuildConfiguration;
			baseConfigurationReference = 6AC4A0E2D1011574C21A4BE7 /* Pods-MovieDBApp.release.xcconfig */;
			buildSettings = {
				ASSETCATALOG_COMPILER_APPICON_NAME = AppIcon;
				ASSETCATALOG_COMPILER_GLOBAL_ACCENT_COLOR_NAME = AccentColor;
				CODE_SIGN_STYLE = Automatic;
				CURRENT_PROJECT_VERSION = 1;
				DEVELOPMENT_TEAM = 5UH57CWJCK;
				GENERATE_INFOPLIST_FILE = YES;
				INFOPLIST_FILE = MovieDBApp/Info.plist;
				INFOPLIST_KEY_UIApplicationSupportsIndirectInputEvents = YES;
				INFOPLIST_KEY_UILaunchStoryboardName = LaunchScreen;
				INFOPLIST_KEY_UIMainStoryboardFile = "";
				INFOPLIST_KEY_UISupportedInterfaceOrientations_iPad = "UIInterfaceOrientationPortrait UIInterfaceOrientationPortraitUpsideDown UIInterfaceOrientationLandscapeLeft UIInterfaceOrientationLandscapeRight";
				INFOPLIST_KEY_UISupportedInterfaceOrientations_iPhone = "UIInterfaceOrientationPortrait UIInterfaceOrientationLandscapeLeft UIInterfaceOrientationLandscapeRight";
				LD_RUNPATH_SEARCH_PATHS = (
					"$(inherited)",
					"@executable_path/Frameworks",
				);
				MARKETING_VERSION = 1.0;
				PRODUCT_BUNDLE_IDENTIFIER = com.alekseyklyonov.MovieDBApp;
				PRODUCT_NAME = "$(TARGET_NAME)";
				SWIFT_EMIT_LOC_STRINGS = YES;
				SWIFT_VERSION = 5.0;
				TARGETED_DEVICE_FAMILY = "1,2";
			};
			name = Release;
		};
		7751F7A42A06FA7300D32829 /* Debug */ = {
			isa = XCBuildConfiguration;
			baseConfigurationReference = 0D19F30C9BC3F00D4C36F3DD /* Pods-MovieDBAppTests.debug.xcconfig */;
			buildSettings = {
				ALWAYS_EMBED_SWIFT_STANDARD_LIBRARIES = YES;
				BUNDLE_LOADER = "$(TEST_HOST)";
				CODE_SIGN_STYLE = Automatic;
				CURRENT_PROJECT_VERSION = 1;
				DEVELOPMENT_TEAM = 5UH57CWJCK;
				GENERATE_INFOPLIST_FILE = YES;
				IPHONEOS_DEPLOYMENT_TARGET = 16.4;
				MARKETING_VERSION = 1.0;
				PRODUCT_BUNDLE_IDENTIFIER = com.alekseyklyonov.MovieDBAppTests;
				PRODUCT_NAME = "$(TARGET_NAME)";
				SWIFT_EMIT_LOC_STRINGS = NO;
				SWIFT_VERSION = 5.0;
				TARGETED_DEVICE_FAMILY = "1,2";
				TEST_HOST = "$(BUILT_PRODUCTS_DIR)/MovieDBApp.app/$(BUNDLE_EXECUTABLE_FOLDER_PATH)/MovieDBApp";
			};
			name = Debug;
		};
		7751F7A52A06FA7300D32829 /* Release */ = {
			isa = XCBuildConfiguration;
			baseConfigurationReference = 0D50108040CCCB41F2280A10 /* Pods-MovieDBAppTests.release.xcconfig */;
			buildSettings = {
				ALWAYS_EMBED_SWIFT_STANDARD_LIBRARIES = YES;
				BUNDLE_LOADER = "$(TEST_HOST)";
				CODE_SIGN_STYLE = Automatic;
				CURRENT_PROJECT_VERSION = 1;
				DEVELOPMENT_TEAM = 5UH57CWJCK;
				GENERATE_INFOPLIST_FILE = YES;
				IPHONEOS_DEPLOYMENT_TARGET = 16.4;
				MARKETING_VERSION = 1.0;
				PRODUCT_BUNDLE_IDENTIFIER = com.alekseyklyonov.MovieDBAppTests;
				PRODUCT_NAME = "$(TARGET_NAME)";
				SWIFT_EMIT_LOC_STRINGS = NO;
				SWIFT_VERSION = 5.0;
				TARGETED_DEVICE_FAMILY = "1,2";
				TEST_HOST = "$(BUILT_PRODUCTS_DIR)/MovieDBApp.app/$(BUNDLE_EXECUTABLE_FOLDER_PATH)/MovieDBApp";
			};
			name = Release;
		};
		7751F7A72A06FA7300D32829 /* Debug */ = {
			isa = XCBuildConfiguration;
			baseConfigurationReference = 7E7EC6C86C450998D913A397 /* Pods-MovieDBApp-MovieDBAppUITests.debug.xcconfig */;
			buildSettings = {
				ALWAYS_EMBED_SWIFT_STANDARD_LIBRARIES = YES;
				CODE_SIGN_STYLE = Automatic;
				CURRENT_PROJECT_VERSION = 1;
				DEVELOPMENT_TEAM = 5UH57CWJCK;
				GENERATE_INFOPLIST_FILE = YES;
				MARKETING_VERSION = 1.0;
				PRODUCT_BUNDLE_IDENTIFIER = com.alekseyklyonov.MovieDBAppUITests;
				PRODUCT_NAME = "$(TARGET_NAME)";
				SWIFT_EMIT_LOC_STRINGS = NO;
				SWIFT_VERSION = 5.0;
				TARGETED_DEVICE_FAMILY = "1,2";
				TEST_TARGET_NAME = MovieDBApp;
			};
			name = Debug;
		};
		7751F7A82A06FA7300D32829 /* Release */ = {
			isa = XCBuildConfiguration;
			baseConfigurationReference = 65C0696FAA2F9EC025936199 /* Pods-MovieDBApp-MovieDBAppUITests.release.xcconfig */;
			buildSettings = {
				ALWAYS_EMBED_SWIFT_STANDARD_LIBRARIES = YES;
				CODE_SIGN_STYLE = Automatic;
				CURRENT_PROJECT_VERSION = 1;
				DEVELOPMENT_TEAM = 5UH57CWJCK;
				GENERATE_INFOPLIST_FILE = YES;
				MARKETING_VERSION = 1.0;
				PRODUCT_BUNDLE_IDENTIFIER = com.alekseyklyonov.MovieDBAppUITests;
				PRODUCT_NAME = "$(TARGET_NAME)";
				SWIFT_EMIT_LOC_STRINGS = NO;
				SWIFT_VERSION = 5.0;
				TARGETED_DEVICE_FAMILY = "1,2";
				TEST_TARGET_NAME = MovieDBApp;
			};
			name = Release;
		};
/* End XCBuildConfiguration section */

/* Begin XCConfigurationList section */
		7751F7712A06FA7200D32829 /* Build configuration list for PBXProject "MovieDBApp" */ = {
			isa = XCConfigurationList;
			buildConfigurations = (
				7751F79E2A06FA7300D32829 /* Debug */,
				7751F79F2A06FA7300D32829 /* Release */,
			);
			defaultConfigurationIsVisible = 0;
			defaultConfigurationName = Release;
		};
		7751F7A02A06FA7300D32829 /* Build configuration list for PBXNativeTarget "MovieDBApp" */ = {
			isa = XCConfigurationList;
			buildConfigurations = (
				7751F7A12A06FA7300D32829 /* Debug */,
				7751F7A22A06FA7300D32829 /* Release */,
			);
			defaultConfigurationIsVisible = 0;
			defaultConfigurationName = Release;
		};
		7751F7A32A06FA7300D32829 /* Build configuration list for PBXNativeTarget "MovieDBAppTests" */ = {
			isa = XCConfigurationList;
			buildConfigurations = (
				7751F7A42A06FA7300D32829 /* Debug */,
				7751F7A52A06FA7300D32829 /* Release */,
			);
			defaultConfigurationIsVisible = 0;
			defaultConfigurationName = Release;
		};
		7751F7A62A06FA7300D32829 /* Build configuration list for PBXNativeTarget "MovieDBAppUITests" */ = {
			isa = XCConfigurationList;
			buildConfigurations = (
				7751F7A72A06FA7300D32829 /* Debug */,
				7751F7A82A06FA7300D32829 /* Release */,
			);
			defaultConfigurationIsVisible = 0;
			defaultConfigurationName = Release;
		};
/* End XCConfigurationList section */
	};
	rootObject = 7751F76E2A06FA7200D32829 /* Project object */;
}
